// !$*UTF8*$!
{
	archiveVersion = 1;
	classes = {
	};
	objectVersion = 54;
	objects = {

/* Begin PBXBuildFile section */
		00E356F31AD99517003FC87E /* Srp_LiveTests.m in Sources */ = {isa = PBXBuildFile; fileRef = 00E356F21AD99517003FC87E /* Srp_LiveTests.m */; };
		0E36E7F1E86E7A18280EBF6B /* libPods-Srp_Live-Srp_LiveTests.a in Frameworks */ = {isa = PBXBuildFile; fileRef = 5490CEA8488A5571054AF6E1 /* libPods-Srp_Live-Srp_LiveTests.a */; };
		104A1566028F4E2BAE17B98B /* Roboto-BlackItalic.ttf in Resources */ = {isa = PBXBuildFile; fileRef = 579DE7A6CD904DC7911D14F8 /* Roboto-BlackItalic.ttf */; };
		10742F704D06479997045F1D /* Roboto-BoldItalic.ttf in Resources */ = {isa = PBXBuildFile; fileRef = 7480A0417BED4C0493505744 /* Roboto-BoldItalic.ttf */; };
		13B07FBC1A68108700A75B9A /* AppDelegate.m in Sources */ = {isa = PBXBuildFile; fileRef = 13B07FB01A68108700A75B9A /* AppDelegate.m */; };
		13B07FBF1A68108700A75B9A /* Images.xcassets in Resources */ = {isa = PBXBuildFile; fileRef = 13B07FB51A68108700A75B9A /* Images.xcassets */; };
		13B07FC11A68108700A75B9A /* main.m in Sources */ = {isa = PBXBuildFile; fileRef = 13B07FB71A68108700A75B9A /* main.m */; };
		18E2317B2752448700CB683C /* File.swift in Sources */ = {isa = PBXBuildFile; fileRef = 18E2317A2752448700CB683C /* File.swift */; };
		2139FFEB6CAA44E1A35D6E86 /* Ubuntu-M.ttf in Resources */ = {isa = PBXBuildFile; fileRef = 78FD701A1F0645F8BE210FE3 /* Ubuntu-M.ttf */; };
		383500414FC44CF292D01112 /* Ubuntu-R.ttf in Resources */ = {isa = PBXBuildFile; fileRef = 8C7E69B67EAE4FDF95FA6B58 /* Ubuntu-R.ttf */; };
		5BF14BB31E5B413E8E72B47E /* Roboto-LightItalic.ttf in Resources */ = {isa = PBXBuildFile; fileRef = 5852D970AA534866BD3A7F6C /* Roboto-LightItalic.ttf */; };
		6698BA547983429E99A2A311 /* Roboto-Medium.ttf in Resources */ = {isa = PBXBuildFile; fileRef = A04D98D375134DE08815D42F /* Roboto-Medium.ttf */; };
		6B3B4BFA64A9449EBFD8D4A6 /* Roboto-Regular.ttf in Resources */ = {isa = PBXBuildFile; fileRef = 497CDC907CBC47C1A5C746C6 /* Roboto-Regular.ttf */; };
		81AB9BB82411601600AC10FF /* LaunchScreen.storyboard in Resources */ = {isa = PBXBuildFile; fileRef = 81AB9BB72411601600AC10FF /* LaunchScreen.storyboard */; };
		92731C9C85E5482F90BEBAC7 /* Roboto-Bold.ttf in Resources */ = {isa = PBXBuildFile; fileRef = B3AFE04A4B3E449C80F02A46 /* Roboto-Bold.ttf */; };
		9DF9CBD22771B66200E32C6D /* GoogleService-Info.plist in Resources */ = {isa = PBXBuildFile; fileRef = 9DF9CBD12771B66200E32C6D /* GoogleService-Info.plist */; };
		9F62BCB88FCE78FB5914CECB /* libPods-Srp_Live.a in Frameworks */ = {isa = PBXBuildFile; fileRef = 65A70EC20420CC4400D376B3 /* libPods-Srp_Live.a */; };
		BA3944F327E9B048004FE12B /* RNVideoProcessingBridge.m in Sources */ = {isa = PBXBuildFile; fileRef = BA3944EF27E9B048004FE12B /* RNVideoProcessingBridge.m */; };
		BA3944F427E9B048004FE12B /* RNVideoProcessingManager.swift in Sources */ = {isa = PBXBuildFile; fileRef = BA3944F027E9B048004FE12B /* RNVideoProcessingManager.swift */; };
		BA3944F527E9B048004FE12B /* RNVideoPlayer.swift in Sources */ = {isa = PBXBuildFile; fileRef = BA3944F127E9B048004FE12B /* RNVideoPlayer.swift */; };
		BA3944F627E9B048004FE12B /* VideoProcessingGPUFilters.swift in Sources */ = {isa = PBXBuildFile; fileRef = BA3944F227E9B048004FE12B /* VideoProcessingGPUFilters.swift */; };
		BA3944FF27E9B0E2004FE12B /* RNTrimmerView.swift in Sources */ = {isa = PBXBuildFile; fileRef = BA3944FB27E9B0E1004FE12B /* RNTrimmerView.swift */; };
		BA39450027E9B0E2004FE12B /* RNTrimmerViewManager.swift in Sources */ = {isa = PBXBuildFile; fileRef = BA3944FD27E9B0E1004FE12B /* RNTrimmerViewManager.swift */; };
		BA39450127E9B0E2004FE12B /* RNTrimmerViewBridge.m in Sources */ = {isa = PBXBuildFile; fileRef = BA3944FE27E9B0E2004FE12B /* RNTrimmerViewBridge.m */; };
		BA39450927E9B0F4004FE12B /* ICGRulerView.m in Sources */ = {isa = PBXBuildFile; fileRef = BA39450227E9B0F3004FE12B /* ICGRulerView.m */; };
		BA39450A27E9B0F4004FE12B /* ICGThumbView.m in Sources */ = {isa = PBXBuildFile; fileRef = BA39450527E9B0F3004FE12B /* ICGThumbView.m */; };
		BA39450B27E9B0F4004FE12B /* ICGVideoTrimmerView.m in Sources */ = {isa = PBXBuildFile; fileRef = BA39450827E9B0F4004FE12B /* ICGVideoTrimmerView.m */; };
		BA39451227E9B118004FE12B /* RNVideoTrimmer.swift in Sources */ = {isa = PBXBuildFile; fileRef = BA39450C27E9B118004FE12B /* RNVideoTrimmer.swift */; };
		BA39451327E9B118004FE12B /* RNVideoTrimmerBridge.m in Sources */ = {isa = PBXBuildFile; fileRef = BA39450D27E9B118004FE12B /* RNVideoTrimmerBridge.m */; };
		BA39451427E9B118004FE12B /* SDAVAssetExportSession.m in Sources */ = {isa = PBXBuildFile; fileRef = BA39450F27E9B118004FE12B /* SDAVAssetExportSession.m */; };
		BA39451527E9B118004FE12B /* AVUtilities.swift in Sources */ = {isa = PBXBuildFile; fileRef = BA39451027E9B118004FE12B /* AVUtilities.swift */; };
		BA39452127E9B258004FE12B /* CoreMedia.framework in Frameworks */ = {isa = PBXBuildFile; fileRef = BA39452027E9B258004FE12B /* CoreMedia.framework */; };
		BA39452327E9B267004FE12B /* CoreVideo.framework in Frameworks */ = {isa = PBXBuildFile; fileRef = BA39452227E9B266004FE12B /* CoreVideo.framework */; };
		BA39452527E9B26F004FE12B /* OpenGLES.framework in Frameworks */ = {isa = PBXBuildFile; fileRef = BA39452427E9B26F004FE12B /* OpenGLES.framework */; };
		BA39452727E9B277004FE12B /* AVFoundation.framework in Frameworks */ = {isa = PBXBuildFile; fileRef = BA39452627E9B277004FE12B /* AVFoundation.framework */; };
		BA39452927E9B27E004FE12B /* QuartzCore.framework in Frameworks */ = {isa = PBXBuildFile; fileRef = BA39452827E9B27E004FE12B /* QuartzCore.framework */; };
		BA39452B27E9B288004FE12B /* MobileCoreServices.framework in Frameworks */ = {isa = PBXBuildFile; fileRef = BA39452A27E9B288004FE12B /* MobileCoreServices.framework */; };
		BA39452C27E9B28F004FE12B /* GPUImage.framework in Frameworks */ = {isa = PBXBuildFile; fileRef = BA39451F27E9B1DC004FE12B /* GPUImage.framework */; };
		BA39452D27E9B28F004FE12B /* GPUImage.framework in Embed Frameworks */ = {isa = PBXBuildFile; fileRef = BA39451F27E9B1DC004FE12B /* GPUImage.framework */; settings = {ATTRIBUTES = (CodeSignOnCopy, RemoveHeadersOnCopy, ); }; };
		BA39452F27E9B2C1004FE12B /* GPUImage.framework in Frameworks */ = {isa = PBXBuildFile; fileRef = BA39451F27E9B1DC004FE12B /* GPUImage.framework */; };
		BB042DB6EA484F328380D195 /* Roboto-ThinItalic.ttf in Resources */ = {isa = PBXBuildFile; fileRef = 1FA3265652F54B1B957F2B63 /* Roboto-ThinItalic.ttf */; };
		BCCB119156FD411BA522603B /* Ubuntu-L.ttf in Resources */ = {isa = PBXBuildFile; fileRef = 9CB877247E744D9D918F048E /* Ubuntu-L.ttf */; };
		D611052EE6524A508C685CC8 /* Roboto-Thin.ttf in Resources */ = {isa = PBXBuildFile; fileRef = 45CB71438AF74441BAF8CC94 /* Roboto-Thin.ttf */; };
		DB56165714484AE3B7A3CEAC /* Roboto-Italic.ttf in Resources */ = {isa = PBXBuildFile; fileRef = 3EE1DD3947A84F0EB785724E /* Roboto-Italic.ttf */; };
		DC3C0C92EC134443ABD93A6D /* Roboto-MediumItalic.ttf in Resources */ = {isa = PBXBuildFile; fileRef = 430C718AD13943108D207D18 /* Roboto-MediumItalic.ttf */; };
		E1F92B13AA174FA6AB0262DE /* Roboto-Light.ttf in Resources */ = {isa = PBXBuildFile; fileRef = C27D7661EDA74927A76AD453 /* Roboto-Light.ttf */; };
		F48A5E8DDE7A41CA8E687514 /* Roboto-Black.ttf in Resources */ = {isa = PBXBuildFile; fileRef = CF0EDC07578F497FA5F2E529 /* Roboto-Black.ttf */; };
		3A19EDA6EDEE4C509B0DA431 /* Helvetica Neue LT Std 75 Bold.otf in Resources */ = {isa = PBXBuildFile; fileRef = D3AB10BB05854376B266F7CD /* Helvetica Neue LT Std 75 Bold.otf */; };
		0019039ADCD245E2B1012678 /* HelveticaNeueLTStd-Lt.otf in Resources */ = {isa = PBXBuildFile; fileRef = 0DA62FCE48E344C4BF8CEDA0 /* HelveticaNeueLTStd-Lt.otf */; };
/* End PBXBuildFile section */

/* Begin PBXContainerItemProxy section */
		00E356F41AD99517003FC87E /* PBXContainerItemProxy */ = {
			isa = PBXContainerItemProxy;
			containerPortal = 83CBB9F71A601CBA00E9B192 /* Project object */;
			proxyType = 1;
			remoteGlobalIDString = 13B07F861A680F5B00A75B9A;
			remoteInfo = Srp_Live;
		};
		BA39451C27E9B1DC004FE12B /* PBXContainerItemProxy */ = {
			isa = PBXContainerItemProxy;
			containerPortal = BA39451627E9B1DC004FE12B /* GPUImage.xcodeproj */;
			proxyType = 2;
			remoteGlobalIDString = BCF1A33414DDB1EC00852800;
			remoteInfo = GPUImage;
		};
		BA39451E27E9B1DC004FE12B /* PBXContainerItemProxy */ = {
			isa = PBXContainerItemProxy;
			containerPortal = BA39451627E9B1DC004FE12B /* GPUImage.xcodeproj */;
			proxyType = 2;
			remoteGlobalIDString = BCE209E51943F20C002FEED8;
			remoteInfo = GPUImageFramework;
		};
/* End PBXContainerItemProxy section */

/* Begin PBXCopyFilesBuildPhase section */
		BA39452E27E9B28F004FE12B /* Embed Frameworks */ = {
			isa = PBXCopyFilesBuildPhase;
			buildActionMask = 2147483647;
			dstPath = "";
			dstSubfolderSpec = 10;
			files = (
				BA39452D27E9B28F004FE12B /* GPUImage.framework in Embed Frameworks */,
			);
			name = "Embed Frameworks";
			runOnlyForDeploymentPostprocessing = 0;
		};
/* End PBXCopyFilesBuildPhase section */

/* Begin PBXFileReference section */
		00E356EE1AD99517003FC87E /* Srp_LiveTests.xctest */ = {isa = PBXFileReference; explicitFileType = wrapper.cfbundle; includeInIndex = 0; path = Srp_LiveTests.xctest; sourceTree = BUILT_PRODUCTS_DIR; };
		00E356F11AD99517003FC87E /* Info.plist */ = {isa = PBXFileReference; lastKnownFileType = text.plist.xml; path = Info.plist; sourceTree = "<group>"; };
		00E356F21AD99517003FC87E /* Srp_LiveTests.m */ = {isa = PBXFileReference; lastKnownFileType = sourcecode.c.objc; path = Srp_LiveTests.m; sourceTree = "<group>"; };
		054F2B0ABC6A4906BE1718D1 /* MaterialCommunityIcons.ttf */ = {isa = PBXFileReference; explicitFileType = undefined; fileEncoding = 9; includeInIndex = 0; lastKnownFileType = unknown; name = MaterialCommunityIcons.ttf; path = "../node_modules/react-native-vector-icons/Fonts/MaterialCommunityIcons.ttf"; sourceTree = "<group>"; };
		13B07F961A680F5B00A75B9A /* Srp_Live.app */ = {isa = PBXFileReference; explicitFileType = wrapper.application; includeInIndex = 0; path = Srp_Live.app; sourceTree = BUILT_PRODUCTS_DIR; };
		13B07FAF1A68108700A75B9A /* AppDelegate.h */ = {isa = PBXFileReference; fileEncoding = 4; lastKnownFileType = sourcecode.c.h; name = AppDelegate.h; path = Srp_Live/AppDelegate.h; sourceTree = "<group>"; };
		13B07FB01A68108700A75B9A /* AppDelegate.m */ = {isa = PBXFileReference; fileEncoding = 4; lastKnownFileType = sourcecode.c.objc; name = AppDelegate.m; path = Srp_Live/AppDelegate.m; sourceTree = "<group>"; };
		13B07FB51A68108700A75B9A /* Images.xcassets */ = {isa = PBXFileReference; lastKnownFileType = folder.assetcatalog; name = Images.xcassets; path = Srp_Live/Images.xcassets; sourceTree = "<group>"; };
		13B07FB61A68108700A75B9A /* Info.plist */ = {isa = PBXFileReference; fileEncoding = 4; lastKnownFileType = text.plist.xml; name = Info.plist; path = Srp_Live/Info.plist; sourceTree = "<group>"; };
		13B07FB71A68108700A75B9A /* main.m */ = {isa = PBXFileReference; fileEncoding = 4; lastKnownFileType = sourcecode.c.objc; name = main.m; path = Srp_Live/main.m; sourceTree = "<group>"; };
		161FF2096668476D99797088 /* Octicons.ttf */ = {isa = PBXFileReference; explicitFileType = undefined; fileEncoding = 9; includeInIndex = 0; lastKnownFileType = unknown; name = Octicons.ttf; path = "../node_modules/react-native-vector-icons/Fonts/Octicons.ttf"; sourceTree = "<group>"; };
		18E231792752448600CB683C /* Srp_Live-Bridging-Header.h */ = {isa = PBXFileReference; lastKnownFileType = sourcecode.c.h; path = "Srp_Live-Bridging-Header.h"; sourceTree = "<group>"; };
		18E2317A2752448700CB683C /* File.swift */ = {isa = PBXFileReference; lastKnownFileType = sourcecode.swift; path = File.swift; sourceTree = "<group>"; };
		1FA3265652F54B1B957F2B63 /* Roboto-ThinItalic.ttf */ = {isa = PBXFileReference; explicitFileType = undefined; fileEncoding = 9; includeInIndex = 0; lastKnownFileType = unknown; name = "Roboto-ThinItalic.ttf"; path = "../assets/fonts/Roboto-ThinItalic.ttf"; sourceTree = "<group>"; };
		2710F03BEF1E4844842FBD66 /* Fontisto.ttf */ = {isa = PBXFileReference; explicitFileType = undefined; fileEncoding = 9; includeInIndex = 0; lastKnownFileType = unknown; name = Fontisto.ttf; path = "../node_modules/react-native-vector-icons/Fonts/Fontisto.ttf"; sourceTree = "<group>"; };
		272B6CA508874272BC873725 /* FontAwesome5_Brands.ttf */ = {isa = PBXFileReference; explicitFileType = undefined; fileEncoding = 9; includeInIndex = 0; lastKnownFileType = unknown; name = FontAwesome5_Brands.ttf; path = "../node_modules/react-native-vector-icons/Fonts/FontAwesome5_Brands.ttf"; sourceTree = "<group>"; };
		2B56F43633944449A1A8D257 /* Entypo.ttf */ = {isa = PBXFileReference; explicitFileType = undefined; fileEncoding = 9; includeInIndex = 0; lastKnownFileType = unknown; name = Entypo.ttf; path = "../node_modules/react-native-vector-icons/Fonts/Entypo.ttf"; sourceTree = "<group>"; };
		31B8F123BA1947BEAB747AB5 /* FontAwesome.ttf */ = {isa = PBXFileReference; explicitFileType = undefined; fileEncoding = 9; includeInIndex = 0; lastKnownFileType = unknown; name = FontAwesome.ttf; path = "../node_modules/react-native-vector-icons/Fonts/FontAwesome.ttf"; sourceTree = "<group>"; };
		3564FDE1597E474B86C89CAD /* Foundation.ttf */ = {isa = PBXFileReference; explicitFileType = undefined; fileEncoding = 9; includeInIndex = 0; lastKnownFileType = unknown; name = Foundation.ttf; path = "../node_modules/react-native-vector-icons/Fonts/Foundation.ttf"; sourceTree = "<group>"; };
		3EE1DD3947A84F0EB785724E /* Roboto-Italic.ttf */ = {isa = PBXFileReference; explicitFileType = undefined; fileEncoding = 9; includeInIndex = 0; lastKnownFileType = unknown; name = "Roboto-Italic.ttf"; path = "../assets/fonts/Roboto-Italic.ttf"; sourceTree = "<group>"; };
		430C718AD13943108D207D18 /* Roboto-MediumItalic.ttf */ = {isa = PBXFileReference; explicitFileType = undefined; fileEncoding = 9; includeInIndex = 0; lastKnownFileType = unknown; name = "Roboto-MediumItalic.ttf"; path = "../assets/fonts/Roboto-MediumItalic.ttf"; sourceTree = "<group>"; };
		45CB71438AF74441BAF8CC94 /* Roboto-Thin.ttf */ = {isa = PBXFileReference; explicitFileType = undefined; fileEncoding = 9; includeInIndex = 0; lastKnownFileType = unknown; name = "Roboto-Thin.ttf"; path = "../assets/fonts/Roboto-Thin.ttf"; sourceTree = "<group>"; };
		479B6B2577824B5B85BCA733 /* Feather.ttf */ = {isa = PBXFileReference; explicitFileType = undefined; fileEncoding = 9; includeInIndex = 0; lastKnownFileType = unknown; name = Feather.ttf; path = "../node_modules/react-native-vector-icons/Fonts/Feather.ttf"; sourceTree = "<group>"; };
		497CDC907CBC47C1A5C746C6 /* Roboto-Regular.ttf */ = {isa = PBXFileReference; explicitFileType = undefined; fileEncoding = 9; includeInIndex = 0; lastKnownFileType = unknown; name = "Roboto-Regular.ttf"; path = "../assets/fonts/Roboto-Regular.ttf"; sourceTree = "<group>"; };
		4C8C3654941A42909FE25BD3 /* FontAwesome5_Solid.ttf */ = {isa = PBXFileReference; explicitFileType = undefined; fileEncoding = 9; includeInIndex = 0; lastKnownFileType = unknown; name = FontAwesome5_Solid.ttf; path = "../node_modules/react-native-vector-icons/Fonts/FontAwesome5_Solid.ttf"; sourceTree = "<group>"; };
		5490CEA8488A5571054AF6E1 /* libPods-Srp_Live-Srp_LiveTests.a */ = {isa = PBXFileReference; explicitFileType = archive.ar; includeInIndex = 0; path = "libPods-Srp_Live-Srp_LiveTests.a"; sourceTree = BUILT_PRODUCTS_DIR; };
		579DE7A6CD904DC7911D14F8 /* Roboto-BlackItalic.ttf */ = {isa = PBXFileReference; explicitFileType = undefined; fileEncoding = 9; includeInIndex = 0; lastKnownFileType = unknown; name = "Roboto-BlackItalic.ttf"; path = "../assets/fonts/Roboto-BlackItalic.ttf"; sourceTree = "<group>"; };
		5852D970AA534866BD3A7F6C /* Roboto-LightItalic.ttf */ = {isa = PBXFileReference; explicitFileType = undefined; fileEncoding = 9; includeInIndex = 0; lastKnownFileType = unknown; name = "Roboto-LightItalic.ttf"; path = "../assets/fonts/Roboto-LightItalic.ttf"; sourceTree = "<group>"; };
		65A70EC20420CC4400D376B3 /* libPods-Srp_Live.a */ = {isa = PBXFileReference; explicitFileType = archive.ar; includeInIndex = 0; path = "libPods-Srp_Live.a"; sourceTree = BUILT_PRODUCTS_DIR; };
		72FF4F9F4E5C4B3D9FC7CDF8 /* MaterialIcons.ttf */ = {isa = PBXFileReference; explicitFileType = undefined; fileEncoding = 9; includeInIndex = 0; lastKnownFileType = unknown; name = MaterialIcons.ttf; path = "../node_modules/react-native-vector-icons/Fonts/MaterialIcons.ttf"; sourceTree = "<group>"; };
		7480A0417BED4C0493505744 /* Roboto-BoldItalic.ttf */ = {isa = PBXFileReference; explicitFileType = undefined; fileEncoding = 9; includeInIndex = 0; lastKnownFileType = unknown; name = "Roboto-BoldItalic.ttf"; path = "../assets/fonts/Roboto-BoldItalic.ttf"; sourceTree = "<group>"; };
		760EAD4E2B8445A5ACAD1A1F /* Zocial.ttf */ = {isa = PBXFileReference; explicitFileType = undefined; fileEncoding = 9; includeInIndex = 0; lastKnownFileType = unknown; name = Zocial.ttf; path = "../node_modules/react-native-vector-icons/Fonts/Zocial.ttf"; sourceTree = "<group>"; };
		78FD701A1F0645F8BE210FE3 /* Ubuntu-M.ttf */ = {isa = PBXFileReference; explicitFileType = undefined; fileEncoding = 9; includeInIndex = 0; lastKnownFileType = unknown; name = "Ubuntu-M.ttf"; path = "../src/assets/fonts/Ubuntu-M.ttf"; sourceTree = "<group>"; };
		81AB9BB72411601600AC10FF /* LaunchScreen.storyboard */ = {isa = PBXFileReference; fileEncoding = 4; lastKnownFileType = file.storyboard; name = LaunchScreen.storyboard; path = Srp_Live/LaunchScreen.storyboard; sourceTree = "<group>"; };
		8C7E69B67EAE4FDF95FA6B58 /* Ubuntu-R.ttf */ = {isa = PBXFileReference; explicitFileType = undefined; fileEncoding = 9; includeInIndex = 0; lastKnownFileType = unknown; name = "Ubuntu-R.ttf"; path = "../src/assets/fonts/Ubuntu-R.ttf"; sourceTree = "<group>"; };
		92CD99FA6A2C60ED6C772BE9 /* Pods-Srp_Live-Srp_LiveTests.release.xcconfig */ = {isa = PBXFileReference; includeInIndex = 1; lastKnownFileType = text.xcconfig; name = "Pods-Srp_Live-Srp_LiveTests.release.xcconfig"; path = "Target Support Files/Pods-Srp_Live-Srp_LiveTests/Pods-Srp_Live-Srp_LiveTests.release.xcconfig"; sourceTree = "<group>"; };
		9C3C74109D014EE2943C0091 /* FontAwesome5_Regular.ttf */ = {isa = PBXFileReference; explicitFileType = undefined; fileEncoding = 9; includeInIndex = 0; lastKnownFileType = unknown; name = FontAwesome5_Regular.ttf; path = "../node_modules/react-native-vector-icons/Fonts/FontAwesome5_Regular.ttf"; sourceTree = "<group>"; };
		9CB877247E744D9D918F048E /* Ubuntu-L.ttf */ = {isa = PBXFileReference; explicitFileType = undefined; fileEncoding = 9; includeInIndex = 0; lastKnownFileType = unknown; name = "Ubuntu-L.ttf"; path = "../src/assets/fonts/Ubuntu-L.ttf"; sourceTree = "<group>"; };
		9DF647922774551A00B6ABAD /* Srp_Live.entitlements */ = {isa = PBXFileReference; lastKnownFileType = text.plist.entitlements; name = Srp_Live.entitlements; path = Srp_Live/Srp_Live.entitlements; sourceTree = "<group>"; };
		9DF9CBD12771B66200E32C6D /* GoogleService-Info.plist */ = {isa = PBXFileReference; fileEncoding = 4; lastKnownFileType = text.plist.xml; path = "GoogleService-Info.plist"; sourceTree = "<group>"; };
		A04D98D375134DE08815D42F /* Roboto-Medium.ttf */ = {isa = PBXFileReference; explicitFileType = undefined; fileEncoding = 9; includeInIndex = 0; lastKnownFileType = unknown; name = "Roboto-Medium.ttf"; path = "../assets/fonts/Roboto-Medium.ttf"; sourceTree = "<group>"; };
		A914122E388EC76A2B3F5E6C /* Pods-Srp_Live-Srp_LiveTests.debug.xcconfig */ = {isa = PBXFileReference; includeInIndex = 1; lastKnownFileType = text.xcconfig; name = "Pods-Srp_Live-Srp_LiveTests.debug.xcconfig"; path = "Target Support Files/Pods-Srp_Live-Srp_LiveTests/Pods-Srp_Live-Srp_LiveTests.debug.xcconfig"; sourceTree = "<group>"; };
		A97E7D00C90144C8A69B5619 /* Ionicons.ttf */ = {isa = PBXFileReference; explicitFileType = undefined; fileEncoding = 9; includeInIndex = 0; lastKnownFileType = unknown; name = Ionicons.ttf; path = "../node_modules/react-native-vector-icons/Fonts/Ionicons.ttf"; sourceTree = "<group>"; };
		ACADBC58C8B75C6AA0C9EBB6 /* Pods-Srp_Live.debug.xcconfig */ = {isa = PBXFileReference; includeInIndex = 1; lastKnownFileType = text.xcconfig; name = "Pods-Srp_Live.debug.xcconfig"; path = "Target Support Files/Pods-Srp_Live/Pods-Srp_Live.debug.xcconfig"; sourceTree = "<group>"; };
		AFDAA1D563FC4A6192C77154 /* EvilIcons.ttf */ = {isa = PBXFileReference; explicitFileType = undefined; fileEncoding = 9; includeInIndex = 0; lastKnownFileType = unknown; name = EvilIcons.ttf; path = "../node_modules/react-native-vector-icons/Fonts/EvilIcons.ttf"; sourceTree = "<group>"; };
		B3AFE04A4B3E449C80F02A46 /* Roboto-Bold.ttf */ = {isa = PBXFileReference; explicitFileType = undefined; fileEncoding = 9; includeInIndex = 0; lastKnownFileType = unknown; name = "Roboto-Bold.ttf"; path = "../assets/fonts/Roboto-Bold.ttf"; sourceTree = "<group>"; };
		BA3944EC27E9B047004FE12B /* RNVideoProcessing-Bridging-Header.h */ = {isa = PBXFileReference; fileEncoding = 4; lastKnownFileType = sourcecode.c.h; name = "RNVideoProcessing-Bridging-Header.h"; path = "../../node_modules/react-native-video-processing/ios/RNVideoProcessing/RNVideoProcessing-Bridging-Header.h"; sourceTree = "<group>"; };
		BA3944ED27E9B048004FE12B /* RCTSwiftBridgeModule.h */ = {isa = PBXFileReference; fileEncoding = 4; lastKnownFileType = sourcecode.c.h; name = RCTSwiftBridgeModule.h; path = "../../node_modules/react-native-video-processing/ios/RNVideoProcessing/RCTSwiftBridgeModule.h"; sourceTree = "<group>"; };
		BA3944EE27E9B048004FE12B /* RNVideoProcessing.h */ = {isa = PBXFileReference; fileEncoding = 4; lastKnownFileType = sourcecode.c.h; name = RNVideoProcessing.h; path = "../../node_modules/react-native-video-processing/ios/RNVideoProcessing/RNVideoProcessing.h"; sourceTree = "<group>"; };
		BA3944EF27E9B048004FE12B /* RNVideoProcessingBridge.m */ = {isa = PBXFileReference; fileEncoding = 4; lastKnownFileType = sourcecode.c.objc; name = RNVideoProcessingBridge.m; path = "../../node_modules/react-native-video-processing/ios/RNVideoProcessing/RNVideoProcessingBridge.m"; sourceTree = "<group>"; };
		BA3944F027E9B048004FE12B /* RNVideoProcessingManager.swift */ = {isa = PBXFileReference; fileEncoding = 4; lastKnownFileType = sourcecode.swift; name = RNVideoProcessingManager.swift; path = "../../node_modules/react-native-video-processing/ios/RNVideoProcessing/RNVideoProcessingManager.swift"; sourceTree = "<group>"; };
		BA3944F127E9B048004FE12B /* RNVideoPlayer.swift */ = {isa = PBXFileReference; fileEncoding = 4; lastKnownFileType = sourcecode.swift; name = RNVideoPlayer.swift; path = "../../node_modules/react-native-video-processing/ios/RNVideoProcessing/RNVideoPlayer.swift"; sourceTree = "<group>"; };
		BA3944F227E9B048004FE12B /* VideoProcessingGPUFilters.swift */ = {isa = PBXFileReference; fileEncoding = 4; lastKnownFileType = sourcecode.swift; name = VideoProcessingGPUFilters.swift; path = "../../node_modules/react-native-video-processing/ios/RNVideoProcessing/VideoProcessingGPUFilters.swift"; sourceTree = "<group>"; };
		BA3944FA27E9B0E1004FE12B /* RNTrimmerView-Bridging-Header.h */ = {isa = PBXFileReference; fileEncoding = 4; lastKnownFileType = sourcecode.c.h; name = "RNTrimmerView-Bridging-Header.h"; path = "../../../node_modules/react-native-video-processing/ios/RNVideoProcessing/RNTrimmerView/RNTrimmerView-Bridging-Header.h"; sourceTree = "<group>"; };
		BA3944FB27E9B0E1004FE12B /* RNTrimmerView.swift */ = {isa = PBXFileReference; fileEncoding = 4; lastKnownFileType = sourcecode.swift; name = RNTrimmerView.swift; path = "../../../node_modules/react-native-video-processing/ios/RNVideoProcessing/RNTrimmerView/RNTrimmerView.swift"; sourceTree = "<group>"; };
		BA3944FC27E9B0E1004FE12B /* RNTrimmerView.h */ = {isa = PBXFileReference; fileEncoding = 4; lastKnownFileType = sourcecode.c.h; name = RNTrimmerView.h; path = "../../../node_modules/react-native-video-processing/ios/RNVideoProcessing/RNTrimmerView/RNTrimmerView.h"; sourceTree = "<group>"; };
		BA3944FD27E9B0E1004FE12B /* RNTrimmerViewManager.swift */ = {isa = PBXFileReference; fileEncoding = 4; lastKnownFileType = sourcecode.swift; name = RNTrimmerViewManager.swift; path = "../../../node_modules/react-native-video-processing/ios/RNVideoProcessing/RNTrimmerView/RNTrimmerViewManager.swift"; sourceTree = "<group>"; };
		BA3944FE27E9B0E2004FE12B /* RNTrimmerViewBridge.m */ = {isa = PBXFileReference; fileEncoding = 4; lastKnownFileType = sourcecode.c.objc; name = RNTrimmerViewBridge.m; path = "../../../node_modules/react-native-video-processing/ios/RNVideoProcessing/RNTrimmerView/RNTrimmerViewBridge.m"; sourceTree = "<group>"; };
		BA39450227E9B0F3004FE12B /* ICGRulerView.m */ = {isa = PBXFileReference; fileEncoding = 4; lastKnownFileType = sourcecode.c.objc; name = ICGRulerView.m; path = "../../../../node_modules/react-native-video-processing/ios/RNVideoProcessing/RNTrimmerView/ICGVideoTrimmer/ICGRulerView.m"; sourceTree = "<group>"; };
		BA39450327E9B0F3004FE12B /* ICGVideoTrimmerView.h */ = {isa = PBXFileReference; fileEncoding = 4; lastKnownFileType = sourcecode.c.h; name = ICGVideoTrimmerView.h; path = "../../../../node_modules/react-native-video-processing/ios/RNVideoProcessing/RNTrimmerView/ICGVideoTrimmer/ICGVideoTrimmerView.h"; sourceTree = "<group>"; };
		BA39450427E9B0F3004FE12B /* ICGThumbView.h */ = {isa = PBXFileReference; fileEncoding = 4; lastKnownFileType = sourcecode.c.h; name = ICGThumbView.h; path = "../../../../node_modules/react-native-video-processing/ios/RNVideoProcessing/RNTrimmerView/ICGVideoTrimmer/ICGThumbView.h"; sourceTree = "<group>"; };
		BA39450527E9B0F3004FE12B /* ICGThumbView.m */ = {isa = PBXFileReference; fileEncoding = 4; lastKnownFileType = sourcecode.c.objc; name = ICGThumbView.m; path = "../../../../node_modules/react-native-video-processing/ios/RNVideoProcessing/RNTrimmerView/ICGVideoTrimmer/ICGThumbView.m"; sourceTree = "<group>"; };
		BA39450627E9B0F4004FE12B /* ICGVideoTrimmer.h */ = {isa = PBXFileReference; fileEncoding = 4; lastKnownFileType = sourcecode.c.h; name = ICGVideoTrimmer.h; path = "../../../../node_modules/react-native-video-processing/ios/RNVideoProcessing/RNTrimmerView/ICGVideoTrimmer/ICGVideoTrimmer.h"; sourceTree = "<group>"; };
		BA39450727E9B0F4004FE12B /* ICGRulerView.h */ = {isa = PBXFileReference; fileEncoding = 4; lastKnownFileType = sourcecode.c.h; name = ICGRulerView.h; path = "../../../../node_modules/react-native-video-processing/ios/RNVideoProcessing/RNTrimmerView/ICGVideoTrimmer/ICGRulerView.h"; sourceTree = "<group>"; };
		BA39450827E9B0F4004FE12B /* ICGVideoTrimmerView.m */ = {isa = PBXFileReference; fileEncoding = 4; lastKnownFileType = sourcecode.c.objc; name = ICGVideoTrimmerView.m; path = "../../../../node_modules/react-native-video-processing/ios/RNVideoProcessing/RNTrimmerView/ICGVideoTrimmer/ICGVideoTrimmerView.m"; sourceTree = "<group>"; };
		BA39450C27E9B118004FE12B /* RNVideoTrimmer.swift */ = {isa = PBXFileReference; fileEncoding = 4; lastKnownFileType = sourcecode.swift; name = RNVideoTrimmer.swift; path = "../../../node_modules/react-native-video-processing/ios/RNVideoProcessing/RNVideoTrimmer/RNVideoTrimmer.swift"; sourceTree = "<group>"; };
		BA39450D27E9B118004FE12B /* RNVideoTrimmerBridge.m */ = {isa = PBXFileReference; fileEncoding = 4; lastKnownFileType = sourcecode.c.objc; name = RNVideoTrimmerBridge.m; path = "../../../node_modules/react-native-video-processing/ios/RNVideoProcessing/RNVideoTrimmer/RNVideoTrimmerBridge.m"; sourceTree = "<group>"; };
		BA39450E27E9B118004FE12B /* RNVideoTrimmer-Bridging-Header.h */ = {isa = PBXFileReference; fileEncoding = 4; lastKnownFileType = sourcecode.c.h; name = "RNVideoTrimmer-Bridging-Header.h"; path = "../../../node_modules/react-native-video-processing/ios/RNVideoProcessing/RNVideoTrimmer/RNVideoTrimmer-Bridging-Header.h"; sourceTree = "<group>"; };
		BA39450F27E9B118004FE12B /* SDAVAssetExportSession.m */ = {isa = PBXFileReference; fileEncoding = 4; lastKnownFileType = sourcecode.c.objc; name = SDAVAssetExportSession.m; path = "../../../node_modules/react-native-video-processing/ios/RNVideoProcessing/RNVideoTrimmer/SDAVAssetExportSession.m"; sourceTree = "<group>"; };
		BA39451027E9B118004FE12B /* AVUtilities.swift */ = {isa = PBXFileReference; fileEncoding = 4; lastKnownFileType = sourcecode.swift; name = AVUtilities.swift; path = "../../../node_modules/react-native-video-processing/ios/RNVideoProcessing/RNVideoTrimmer/AVUtilities.swift"; sourceTree = "<group>"; };
		BA39451127E9B118004FE12B /* SDAVAssetExportSession.h */ = {isa = PBXFileReference; fileEncoding = 4; lastKnownFileType = sourcecode.c.h; name = SDAVAssetExportSession.h; path = "../../../node_modules/react-native-video-processing/ios/RNVideoProcessing/RNVideoTrimmer/SDAVAssetExportSession.h"; sourceTree = "<group>"; };
		BA39451627E9B1DC004FE12B /* GPUImage.xcodeproj */ = {isa = PBXFileReference; lastKnownFileType = "wrapper.pb-project"; name = GPUImage.xcodeproj; path = "../node_modules/react-native-video-processing/ios/GPUImage/framework/GPUImage.xcodeproj"; sourceTree = "<group>"; };
		BA39452027E9B258004FE12B /* CoreMedia.framework */ = {isa = PBXFileReference; lastKnownFileType = wrapper.framework; name = CoreMedia.framework; path = System/Library/Frameworks/CoreMedia.framework; sourceTree = SDKROOT; };
		BA39452227E9B266004FE12B /* CoreVideo.framework */ = {isa = PBXFileReference; lastKnownFileType = wrapper.framework; name = CoreVideo.framework; path = System/Library/Frameworks/CoreVideo.framework; sourceTree = SDKROOT; };
		BA39452427E9B26F004FE12B /* OpenGLES.framework */ = {isa = PBXFileReference; lastKnownFileType = wrapper.framework; name = OpenGLES.framework; path = System/Library/Frameworks/OpenGLES.framework; sourceTree = SDKROOT; };
		BA39452627E9B277004FE12B /* AVFoundation.framework */ = {isa = PBXFileReference; lastKnownFileType = wrapper.framework; name = AVFoundation.framework; path = System/Library/Frameworks/AVFoundation.framework; sourceTree = SDKROOT; };
		BA39452827E9B27E004FE12B /* QuartzCore.framework */ = {isa = PBXFileReference; lastKnownFileType = wrapper.framework; name = QuartzCore.framework; path = System/Library/Frameworks/QuartzCore.framework; sourceTree = SDKROOT; };
		BA39452A27E9B288004FE12B /* MobileCoreServices.framework */ = {isa = PBXFileReference; lastKnownFileType = wrapper.framework; name = MobileCoreServices.framework; path = System/Library/Frameworks/MobileCoreServices.framework; sourceTree = SDKROOT; };
		BBFD8BBC9D1F486ADE953F25 /* Pods-Srp_Live.release.xcconfig */ = {isa = PBXFileReference; includeInIndex = 1; lastKnownFileType = text.xcconfig; name = "Pods-Srp_Live.release.xcconfig"; path = "Target Support Files/Pods-Srp_Live/Pods-Srp_Live.release.xcconfig"; sourceTree = "<group>"; };
		C27D7661EDA74927A76AD453 /* Roboto-Light.ttf */ = {isa = PBXFileReference; explicitFileType = undefined; fileEncoding = 9; includeInIndex = 0; lastKnownFileType = unknown; name = "Roboto-Light.ttf"; path = "../assets/fonts/Roboto-Light.ttf"; sourceTree = "<group>"; };
		C294BC6F4CF0491EB03D5826 /* AntDesign.ttf */ = {isa = PBXFileReference; explicitFileType = undefined; fileEncoding = 9; includeInIndex = 0; lastKnownFileType = unknown; name = AntDesign.ttf; path = "../node_modules/react-native-vector-icons/Fonts/AntDesign.ttf"; sourceTree = "<group>"; };
		CF0EDC07578F497FA5F2E529 /* Roboto-Black.ttf */ = {isa = PBXFileReference; explicitFileType = undefined; fileEncoding = 9; includeInIndex = 0; lastKnownFileType = unknown; name = "Roboto-Black.ttf"; path = "../assets/fonts/Roboto-Black.ttf"; sourceTree = "<group>"; };
		E345F992AE5C444F832871B8 /* SimpleLineIcons.ttf */ = {isa = PBXFileReference; explicitFileType = undefined; fileEncoding = 9; includeInIndex = 0; lastKnownFileType = unknown; name = SimpleLineIcons.ttf; path = "../node_modules/react-native-vector-icons/Fonts/SimpleLineIcons.ttf"; sourceTree = "<group>"; };
		ED297162215061F000B7C4FE /* JavaScriptCore.framework */ = {isa = PBXFileReference; lastKnownFileType = wrapper.framework; name = JavaScriptCore.framework; path = System/Library/Frameworks/JavaScriptCore.framework; sourceTree = SDKROOT; };
		D3AB10BB05854376B266F7CD /* Helvetica Neue LT Std 75 Bold.otf */ = {isa = PBXFileReference; name = "Helvetica Neue LT Std 75 Bold.otf"; path = "../assets/fonts/Helvetica Neue LT Std 75 Bold.otf"; sourceTree = "<group>"; fileEncoding = undefined; lastKnownFileType = unknown; explicitFileType = undefined; includeInIndex = 0; };
		0DA62FCE48E344C4BF8CEDA0 /* HelveticaNeueLTStd-Lt.otf */ = {isa = PBXFileReference; name = "HelveticaNeueLTStd-Lt.otf"; path = "../assets/fonts/HelveticaNeueLTStd-Lt.otf"; sourceTree = "<group>"; fileEncoding = undefined; lastKnownFileType = unknown; explicitFileType = undefined; includeInIndex = 0; };
/* End PBXFileReference section */

/* Begin PBXFrameworksBuildPhase section */
		00E356EB1AD99517003FC87E /* Frameworks */ = {
			isa = PBXFrameworksBuildPhase;
			buildActionMask = 2147483647;
			files = (
				0E36E7F1E86E7A18280EBF6B /* libPods-Srp_Live-Srp_LiveTests.a in Frameworks */,
			);
			runOnlyForDeploymentPostprocessing = 0;
		};
		13B07F8C1A680F5B00A75B9A /* Frameworks */ = {
			isa = PBXFrameworksBuildPhase;
			buildActionMask = 2147483647;
			files = (
				BA39452127E9B258004FE12B /* CoreMedia.framework in Frameworks */,
				BA39452B27E9B288004FE12B /* MobileCoreServices.framework in Frameworks */,
				9F62BCB88FCE78FB5914CECB /* libPods-Srp_Live.a in Frameworks */,
				BA39452927E9B27E004FE12B /* QuartzCore.framework in Frameworks */,
				BA39452727E9B277004FE12B /* AVFoundation.framework in Frameworks */,
				BA39452F27E9B2C1004FE12B /* GPUImage.framework in Frameworks */,
				BA39452C27E9B28F004FE12B /* GPUImage.framework in Frameworks */,
				BA39452327E9B267004FE12B /* CoreVideo.framework in Frameworks */,
				BA39452527E9B26F004FE12B /* OpenGLES.framework in Frameworks */,
			);
			runOnlyForDeploymentPostprocessing = 0;
		};
/* End PBXFrameworksBuildPhase section */

/* Begin PBXGroup section */
		00E356EF1AD99517003FC87E /* Srp_LiveTests */ = {
			isa = PBXGroup;
			children = (
				00E356F21AD99517003FC87E /* Srp_LiveTests.m */,
				00E356F01AD99517003FC87E /* Supporting Files */,
			);
			path = Srp_LiveTests;
			sourceTree = "<group>";
		};
		00E356F01AD99517003FC87E /* Supporting Files */ = {
			isa = PBXGroup;
			children = (
				00E356F11AD99517003FC87E /* Info.plist */,
			);
			name = "Supporting Files";
			sourceTree = "<group>";
		};
		13B07FAE1A68108700A75B9A /* Srp_Live */ = {
			isa = PBXGroup;
			children = (
				9DF647922774551A00B6ABAD /* Srp_Live.entitlements */,
				9DF9CBD12771B66200E32C6D /* GoogleService-Info.plist */,
				13B07FAF1A68108700A75B9A /* AppDelegate.h */,
				13B07FB01A68108700A75B9A /* AppDelegate.m */,
				13B07FB51A68108700A75B9A /* Images.xcassets */,
				13B07FB61A68108700A75B9A /* Info.plist */,
				81AB9BB72411601600AC10FF /* LaunchScreen.storyboard */,
				13B07FB71A68108700A75B9A /* main.m */,
				18E2317A2752448700CB683C /* File.swift */,
				18E231792752448600CB683C /* Srp_Live-Bridging-Header.h */,
			);
			name = Srp_Live;
			sourceTree = "<group>";
		};
		2D16E6871FA4F8E400B85C8A /* Frameworks */ = {
			isa = PBXGroup;
			children = (
				BA39452A27E9B288004FE12B /* MobileCoreServices.framework */,
				BA39452827E9B27E004FE12B /* QuartzCore.framework */,
				BA39452627E9B277004FE12B /* AVFoundation.framework */,
				BA39452427E9B26F004FE12B /* OpenGLES.framework */,
				BA39452227E9B266004FE12B /* CoreVideo.framework */,
				BA39452027E9B258004FE12B /* CoreMedia.framework */,
				ED297162215061F000B7C4FE /* JavaScriptCore.framework */,
				65A70EC20420CC4400D376B3 /* libPods-Srp_Live.a */,
				5490CEA8488A5571054AF6E1 /* libPods-Srp_Live-Srp_LiveTests.a */,
			);
			name = Frameworks;
			sourceTree = "<group>";
		};
		816D8AA6CADC4D8D80B7876A /* Resources */ = {
			isa = PBXGroup;
			children = (
				9CB877247E744D9D918F048E /* Ubuntu-L.ttf */,
				78FD701A1F0645F8BE210FE3 /* Ubuntu-M.ttf */,
				8C7E69B67EAE4FDF95FA6B58 /* Ubuntu-R.ttf */,
				C294BC6F4CF0491EB03D5826 /* AntDesign.ttf */,
				2B56F43633944449A1A8D257 /* Entypo.ttf */,
				AFDAA1D563FC4A6192C77154 /* EvilIcons.ttf */,
				479B6B2577824B5B85BCA733 /* Feather.ttf */,
				31B8F123BA1947BEAB747AB5 /* FontAwesome.ttf */,
				272B6CA508874272BC873725 /* FontAwesome5_Brands.ttf */,
				9C3C74109D014EE2943C0091 /* FontAwesome5_Regular.ttf */,
				4C8C3654941A42909FE25BD3 /* FontAwesome5_Solid.ttf */,
				2710F03BEF1E4844842FBD66 /* Fontisto.ttf */,
				3564FDE1597E474B86C89CAD /* Foundation.ttf */,
				A97E7D00C90144C8A69B5619 /* Ionicons.ttf */,
				054F2B0ABC6A4906BE1718D1 /* MaterialCommunityIcons.ttf */,
				72FF4F9F4E5C4B3D9FC7CDF8 /* MaterialIcons.ttf */,
				161FF2096668476D99797088 /* Octicons.ttf */,
				E345F992AE5C444F832871B8 /* SimpleLineIcons.ttf */,
				760EAD4E2B8445A5ACAD1A1F /* Zocial.ttf */,
				CF0EDC07578F497FA5F2E529 /* Roboto-Black.ttf */,
				579DE7A6CD904DC7911D14F8 /* Roboto-BlackItalic.ttf */,
				B3AFE04A4B3E449C80F02A46 /* Roboto-Bold.ttf */,
				7480A0417BED4C0493505744 /* Roboto-BoldItalic.ttf */,
				3EE1DD3947A84F0EB785724E /* Roboto-Italic.ttf */,
				C27D7661EDA74927A76AD453 /* Roboto-Light.ttf */,
				5852D970AA534866BD3A7F6C /* Roboto-LightItalic.ttf */,
				A04D98D375134DE08815D42F /* Roboto-Medium.ttf */,
				430C718AD13943108D207D18 /* Roboto-MediumItalic.ttf */,
				497CDC907CBC47C1A5C746C6 /* Roboto-Regular.ttf */,
				45CB71438AF74441BAF8CC94 /* Roboto-Thin.ttf */,
				1FA3265652F54B1B957F2B63 /* Roboto-ThinItalic.ttf */,
				D3AB10BB05854376B266F7CD /* Helvetica Neue LT Std 75 Bold.otf */,
				0DA62FCE48E344C4BF8CEDA0 /* HelveticaNeueLTStd-Lt.otf */,
			);
			name = Resources;
			sourceTree = "<group>";
		};
		832341AE1AAA6A7D00B99B32 /* Libraries */ = {
			isa = PBXGroup;
			children = (
			);
			name = Libraries;
			sourceTree = "<group>";
		};
		83CBB9F61A601CBA00E9B192 = {
			isa = PBXGroup;
			children = (
				BA39451627E9B1DC004FE12B /* GPUImage.xcodeproj */,
				BA3944EB27E9AF72004FE12B /* RNVideoProcessing */,
				13B07FAE1A68108700A75B9A /* Srp_Live */,
				832341AE1AAA6A7D00B99B32 /* Libraries */,
				00E356EF1AD99517003FC87E /* Srp_LiveTests */,
				83CBBA001A601CBA00E9B192 /* Products */,
				2D16E6871FA4F8E400B85C8A /* Frameworks */,
				9C41926042A2827AED7CECC1 /* Pods */,
				816D8AA6CADC4D8D80B7876A /* Resources */,
			);
			indentWidth = 2;
			sourceTree = "<group>";
			tabWidth = 2;
			usesTabs = 0;
		};
		83CBBA001A601CBA00E9B192 /* Products */ = {
			isa = PBXGroup;
			children = (
				13B07F961A680F5B00A75B9A /* Srp_Live.app */,
				00E356EE1AD99517003FC87E /* Srp_LiveTests.xctest */,
			);
			name = Products;
			sourceTree = "<group>";
		};
		9C41926042A2827AED7CECC1 /* Pods */ = {
			isa = PBXGroup;
			children = (
				ACADBC58C8B75C6AA0C9EBB6 /* Pods-Srp_Live.debug.xcconfig */,
				BBFD8BBC9D1F486ADE953F25 /* Pods-Srp_Live.release.xcconfig */,
				A914122E388EC76A2B3F5E6C /* Pods-Srp_Live-Srp_LiveTests.debug.xcconfig */,
				92CD99FA6A2C60ED6C772BE9 /* Pods-Srp_Live-Srp_LiveTests.release.xcconfig */,
			);
			path = Pods;
			sourceTree = "<group>";
		};
		BA3944EB27E9AF72004FE12B /* RNVideoProcessing */ = {
			isa = PBXGroup;
			children = (
				BA3944F827E9B0AE004FE12B /* RNTrimmerView */,
				BA3944F727E9B08F004FE12B /* RNVideoTrimmer */,
				BA3944ED27E9B048004FE12B /* RCTSwiftBridgeModule.h */,
				BA3944F127E9B048004FE12B /* RNVideoPlayer.swift */,
				BA3944EC27E9B047004FE12B /* RNVideoProcessing-Bridging-Header.h */,
				BA3944EE27E9B048004FE12B /* RNVideoProcessing.h */,
				BA3944EF27E9B048004FE12B /* RNVideoProcessingBridge.m */,
				BA3944F027E9B048004FE12B /* RNVideoProcessingManager.swift */,
				BA3944F227E9B048004FE12B /* VideoProcessingGPUFilters.swift */,
			);
			path = RNVideoProcessing;
			sourceTree = "<group>";
		};
		BA3944F727E9B08F004FE12B /* RNVideoTrimmer */ = {
			isa = PBXGroup;
			children = (
				BA39451027E9B118004FE12B /* AVUtilities.swift */,
				BA39450E27E9B118004FE12B /* RNVideoTrimmer-Bridging-Header.h */,
				BA39450C27E9B118004FE12B /* RNVideoTrimmer.swift */,
				BA39450D27E9B118004FE12B /* RNVideoTrimmerBridge.m */,
				BA39451127E9B118004FE12B /* SDAVAssetExportSession.h */,
				BA39450F27E9B118004FE12B /* SDAVAssetExportSession.m */,
			);
			path = RNVideoTrimmer;
			sourceTree = "<group>";
		};
		BA3944F827E9B0AE004FE12B /* RNTrimmerView */ = {
			isa = PBXGroup;
			children = (
				BA3944F927E9B0C1004FE12B /* ICGVideoTrimmer */,
				BA3944FA27E9B0E1004FE12B /* RNTrimmerView-Bridging-Header.h */,
				BA3944FC27E9B0E1004FE12B /* RNTrimmerView.h */,
				BA3944FB27E9B0E1004FE12B /* RNTrimmerView.swift */,
				BA3944FE27E9B0E2004FE12B /* RNTrimmerViewBridge.m */,
				BA3944FD27E9B0E1004FE12B /* RNTrimmerViewManager.swift */,
			);
			path = RNTrimmerView;
			sourceTree = "<group>";
		};
		BA3944F927E9B0C1004FE12B /* ICGVideoTrimmer */ = {
			isa = PBXGroup;
			children = (
				BA39450727E9B0F4004FE12B /* ICGRulerView.h */,
				BA39450227E9B0F3004FE12B /* ICGRulerView.m */,
				BA39450427E9B0F3004FE12B /* ICGThumbView.h */,
				BA39450527E9B0F3004FE12B /* ICGThumbView.m */,
				BA39450627E9B0F4004FE12B /* ICGVideoTrimmer.h */,
				BA39450327E9B0F3004FE12B /* ICGVideoTrimmerView.h */,
				BA39450827E9B0F4004FE12B /* ICGVideoTrimmerView.m */,
			);
			path = ICGVideoTrimmer;
			sourceTree = "<group>";
		};
		BA39451727E9B1DC004FE12B /* Products */ = {
			isa = PBXGroup;
			children = (
				BA39451D27E9B1DC004FE12B /* libGPUImage.a */,
				BA39451F27E9B1DC004FE12B /* GPUImage.framework */,
			);
			name = Products;
			sourceTree = "<group>";
		};
/* End PBXGroup section */

/* Begin PBXNativeTarget section */
		00E356ED1AD99517003FC87E /* Srp_LiveTests */ = {
			isa = PBXNativeTarget;
			buildConfigurationList = 00E357021AD99517003FC87E /* Build configuration list for PBXNativeTarget "Srp_LiveTests" */;
			buildPhases = (
				B7B99BAD14BAB1C600F8121B /* [CP] Check Pods Manifest.lock */,
				00E356EA1AD99517003FC87E /* Sources */,
				00E356EB1AD99517003FC87E /* Frameworks */,
				00E356EC1AD99517003FC87E /* Resources */,
				BD58DAB92C23A158A0FF83C3 /* [CP] Embed Pods Frameworks */,
				DA53DF9E912620855E5716C6 /* [CP] Copy Pods Resources */,
			);
			buildRules = (
			);
			dependencies = (
				00E356F51AD99517003FC87E /* PBXTargetDependency */,
			);
			name = Srp_LiveTests;
			productName = Srp_LiveTests;
			productReference = 00E356EE1AD99517003FC87E /* Srp_LiveTests.xctest */;
			productType = "com.apple.product-type.bundle.unit-test";
		};
		13B07F861A680F5B00A75B9A /* Srp_Live */ = {
			isa = PBXNativeTarget;
			buildConfigurationList = 13B07F931A680F5B00A75B9A /* Build configuration list for PBXNativeTarget "Srp_Live" */;
			buildPhases = (
				28FCD69080D1BCAE52D0913A /* [CP] Check Pods Manifest.lock */,
				FD10A7F022414F080027D42C /* Start Packager */,
				13B07F871A680F5B00A75B9A /* Sources */,
				13B07F8C1A680F5B00A75B9A /* Frameworks */,
				13B07F8E1A680F5B00A75B9A /* Resources */,
				00DD1BFF1BD5951E006B06BC /* Bundle React Native code and images */,
				F68A845EFBA05848025BE395 /* [CP] Embed Pods Frameworks */,
				CEED608BEA15F14057E9B0E1 /* [CP] Copy Pods Resources */,
				09F815BD510E3A0AA2A65FB0 /* [CP-User] [RNFB] Core Configuration */,
				BA39452E27E9B28F004FE12B /* Embed Frameworks */,
			);
			buildRules = (
			);
			dependencies = (
			);
			name = Srp_Live;
			productName = Srp_Live;
			productReference = 13B07F961A680F5B00A75B9A /* Srp_Live.app */;
			productType = "com.apple.product-type.application";
		};
/* End PBXNativeTarget section */

/* Begin PBXProject section */
		83CBB9F71A601CBA00E9B192 /* Project object */ = {
			isa = PBXProject;
			attributes = {
				LastUpgradeCheck = 1210;
				TargetAttributes = {
					00E356ED1AD99517003FC87E = {
						CreatedOnToolsVersion = 6.2;
						TestTargetID = 13B07F861A680F5B00A75B9A;
					};
					13B07F861A680F5B00A75B9A = {
						LastSwiftMigration = 1300;
					};
				};
			};
			buildConfigurationList = 83CBB9FA1A601CBA00E9B192 /* Build configuration list for PBXProject "Srp_Live" */;
			compatibilityVersion = "Xcode 12.0";
			developmentRegion = en;
			hasScannedForEncodings = 0;
			knownRegions = (
				en,
				Base,
			);
			mainGroup = 83CBB9F61A601CBA00E9B192;
			productRefGroup = 83CBBA001A601CBA00E9B192 /* Products */;
			projectDirPath = "";
			projectReferences = (
				{
					ProductGroup = BA39451727E9B1DC004FE12B /* Products */;
					ProjectRef = BA39451627E9B1DC004FE12B /* GPUImage.xcodeproj */;
				},
			);
			projectRoot = "";
			targets = (
				13B07F861A680F5B00A75B9A /* Srp_Live */,
				00E356ED1AD99517003FC87E /* Srp_LiveTests */,
			);
		};
/* End PBXProject section */

/* Begin PBXReferenceProxy section */
		BA39451D27E9B1DC004FE12B /* libGPUImage.a */ = {
			isa = PBXReferenceProxy;
			fileType = archive.ar;
			path = libGPUImage.a;
			remoteRef = BA39451C27E9B1DC004FE12B /* PBXContainerItemProxy */;
			sourceTree = BUILT_PRODUCTS_DIR;
		};
		BA39451F27E9B1DC004FE12B /* GPUImage.framework */ = {
			isa = PBXReferenceProxy;
			fileType = wrapper.framework;
			path = GPUImage.framework;
			remoteRef = BA39451E27E9B1DC004FE12B /* PBXContainerItemProxy */;
			sourceTree = BUILT_PRODUCTS_DIR;
		};
/* End PBXReferenceProxy section */

/* Begin PBXResourcesBuildPhase section */
		00E356EC1AD99517003FC87E /* Resources */ = {
			isa = PBXResourcesBuildPhase;
			buildActionMask = 2147483647;
			files = (
			);
			runOnlyForDeploymentPostprocessing = 0;
		};
		13B07F8E1A680F5B00A75B9A /* Resources */ = {
			isa = PBXResourcesBuildPhase;
			buildActionMask = 2147483647;
			files = (
				81AB9BB82411601600AC10FF /* LaunchScreen.storyboard in Resources */,
				13B07FBF1A68108700A75B9A /* Images.xcassets in Resources */,
				BCCB119156FD411BA522603B /* Ubuntu-L.ttf in Resources */,
				2139FFEB6CAA44E1A35D6E86 /* Ubuntu-M.ttf in Resources */,
				383500414FC44CF292D01112 /* Ubuntu-R.ttf in Resources */,
				9DF9CBD22771B66200E32C6D /* GoogleService-Info.plist in Resources */,
				F48A5E8DDE7A41CA8E687514 /* Roboto-Black.ttf in Resources */,
				104A1566028F4E2BAE17B98B /* Roboto-BlackItalic.ttf in Resources */,
				92731C9C85E5482F90BEBAC7 /* Roboto-Bold.ttf in Resources */,
				10742F704D06479997045F1D /* Roboto-BoldItalic.ttf in Resources */,
				DB56165714484AE3B7A3CEAC /* Roboto-Italic.ttf in Resources */,
				E1F92B13AA174FA6AB0262DE /* Roboto-Light.ttf in Resources */,
				5BF14BB31E5B413E8E72B47E /* Roboto-LightItalic.ttf in Resources */,
				6698BA547983429E99A2A311 /* Roboto-Medium.ttf in Resources */,
				DC3C0C92EC134443ABD93A6D /* Roboto-MediumItalic.ttf in Resources */,
				6B3B4BFA64A9449EBFD8D4A6 /* Roboto-Regular.ttf in Resources */,
				D611052EE6524A508C685CC8 /* Roboto-Thin.ttf in Resources */,
				BB042DB6EA484F328380D195 /* Roboto-ThinItalic.ttf in Resources */,
				3A19EDA6EDEE4C509B0DA431 /* Helvetica Neue LT Std 75 Bold.otf in Resources */,
				0019039ADCD245E2B1012678 /* HelveticaNeueLTStd-Lt.otf in Resources */,
			);
			runOnlyForDeploymentPostprocessing = 0;
		};
/* End PBXResourcesBuildPhase section */

/* Begin PBXShellScriptBuildPhase section */
		00DD1BFF1BD5951E006B06BC /* Bundle React Native code and images */ = {
			isa = PBXShellScriptBuildPhase;
			buildActionMask = 2147483647;
			files = (
			);
			inputPaths = (
			);
			name = "Bundle React Native code and images";
			outputPaths = (
			);
			runOnlyForDeploymentPostprocessing = 0;
			shellPath = /bin/sh;
			shellScript = "set -e\n\nexport NODE_BINARY=node\n../node_modules/react-native/scripts/react-native-xcode.sh\n";
		};
		09F815BD510E3A0AA2A65FB0 /* [CP-User] [RNFB] Core Configuration */ = {
			isa = PBXShellScriptBuildPhase;
			buildActionMask = 2147483647;
			files = (
			);
			inputPaths = (
				"$(BUILT_PRODUCTS_DIR)/$(INFOPLIST_PATH)",
			);
			name = "[CP-User] [RNFB] Core Configuration";
			runOnlyForDeploymentPostprocessing = 0;
			shellPath = /bin/sh;
			shellScript = "#!/usr/bin/env bash\n#\n# Copyright (c) 2016-present Invertase Limited & Contributors\n#\n# Licensed under the Apache License, Version 2.0 (the \"License\");\n# you may not use this library except in compliance with the License.\n# You may obtain a copy of the License at\n#\n#   http://www.apache.org/licenses/LICENSE-2.0\n#\n# Unless required by applicable law or agreed to in writing, software\n# distributed under the License is distributed on an \"AS IS\" BASIS,\n# WITHOUT WARRANTIES OR CONDITIONS OF ANY KIND, either express or implied.\n# See the License for the specific language governing permissions and\n# limitations under the License.\n#\nset -e\n\n_MAX_LOOKUPS=2;\n_SEARCH_RESULT=''\n_RN_ROOT_EXISTS=''\n_CURRENT_LOOKUPS=1\n_JSON_ROOT=\"'react-native'\"\n_JSON_FILE_NAME='firebase.json'\n_JSON_OUTPUT_BASE64='e30=' # { }\n_CURRENT_SEARCH_DIR=${PROJECT_DIR}\n_PLIST_BUDDY=/usr/libexec/PlistBuddy\n_TARGET_PLIST=\"${BUILT_PRODUCTS_DIR}/${INFOPLIST_PATH}\"\n_DSYM_PLIST=\"${DWARF_DSYM_FOLDER_PATH}/${DWARF_DSYM_FILE_NAME}/Contents/Info.plist\"\n\n# plist arrays\n_PLIST_ENTRY_KEYS=()\n_PLIST_ENTRY_TYPES=()\n_PLIST_ENTRY_VALUES=()\n\nfunction setPlistValue {\n  echo \"info:      setting plist entry '$1' of type '$2' in file '$4'\"\n  ${_PLIST_BUDDY} -c \"Add :$1 $2 '$3'\" $4 || echo \"info:      '$1' already exists\"\n}\n\nfunction getFirebaseJsonKeyValue () {\n  if [[ ${_RN_ROOT_EXISTS} ]]; then\n    ruby -e \"require 'rubygems';require 'json'; output=JSON.parse('$1'); puts output[$_JSON_ROOT]['$2']\"\n  else\n    echo \"\"\n  fi;\n}\n\nfunction jsonBoolToYesNo () {\n  if [[ $1 == \"false\" ]]; then\n    echo \"NO\"\n  elif [[ $1 == \"true\" ]]; then\n    echo \"YES\"\n  else echo \"NO\"\n  fi\n}\n\necho \"info: -> RNFB build script started\"\necho \"info: 1) Locating ${_JSON_FILE_NAME} file:\"\n\nif [[ -z ${_CURRENT_SEARCH_DIR} ]]; then\n  _CURRENT_SEARCH_DIR=$(pwd)\nfi;\n\nwhile true; do\n  _CURRENT_SEARCH_DIR=$(dirname \"$_CURRENT_SEARCH_DIR\")\n  if [[ \"$_CURRENT_SEARCH_DIR\" == \"/\" ]] || [[ ${_CURRENT_LOOKUPS} -gt ${_MAX_LOOKUPS} ]]; then break; fi;\n  echo \"info:      ($_CURRENT_LOOKUPS of $_MAX_LOOKUPS) Searching in '$_CURRENT_SEARCH_DIR' for a ${_JSON_FILE_NAME} file.\"\n  _SEARCH_RESULT=$(find \"$_CURRENT_SEARCH_DIR\" -maxdepth 2 -name ${_JSON_FILE_NAME} -print | /usr/bin/head -n 1)\n  if [[ ${_SEARCH_RESULT} ]]; then\n    echo \"info:      ${_JSON_FILE_NAME} found at $_SEARCH_RESULT\"\n    break;\n  fi;\n  _CURRENT_LOOKUPS=$((_CURRENT_LOOKUPS+1))\ndone\n\nif [[ ${_SEARCH_RESULT} ]]; then\n  _JSON_OUTPUT_RAW=$(cat \"${_SEARCH_RESULT}\")\n  _RN_ROOT_EXISTS=$(ruby -e \"require 'rubygems';require 'json'; output=JSON.parse('$_JSON_OUTPUT_RAW'); puts output[$_JSON_ROOT]\" || echo '')\n\n  if [[ ${_RN_ROOT_EXISTS} ]]; then\n    _JSON_OUTPUT_BASE64=$(python -c 'import json,sys,base64;print(base64.b64encode(json.dumps(json.loads(open('\"'${_SEARCH_RESULT}'\"').read())['${_JSON_ROOT}'])))' || echo \"e30=\")\n  fi\n\n  _PLIST_ENTRY_KEYS+=(\"firebase_json_raw\")\n  _PLIST_ENTRY_TYPES+=(\"string\")\n  _PLIST_ENTRY_VALUES+=(\"$_JSON_OUTPUT_BASE64\")\n\n  # config.app_data_collection_default_enabled\n  _APP_DATA_COLLECTION_ENABLED=$(getFirebaseJsonKeyValue \"$_JSON_OUTPUT_RAW\" \"app_data_collection_default_enabled\")\n  if [[ $_APP_DATA_COLLECTION_ENABLED ]]; then\n    _PLIST_ENTRY_KEYS+=(\"FirebaseDataCollectionDefaultEnabled\")\n    _PLIST_ENTRY_TYPES+=(\"bool\")\n    _PLIST_ENTRY_VALUES+=(\"$(jsonBoolToYesNo \"$_APP_DATA_COLLECTION_ENABLED\")\")\n  fi\n\n  # config.analytics_auto_collection_enabled\n  _ANALYTICS_AUTO_COLLECTION=$(getFirebaseJsonKeyValue \"$_JSON_OUTPUT_RAW\" \"analytics_auto_collection_enabled\")\n  if [[ $_ANALYTICS_AUTO_COLLECTION ]]; then\n    _PLIST_ENTRY_KEYS+=(\"FIREBASE_ANALYTICS_COLLECTION_ENABLED\")\n    _PLIST_ENTRY_TYPES+=(\"bool\")\n    _PLIST_ENTRY_VALUES+=(\"$(jsonBoolToYesNo \"$_ANALYTICS_AUTO_COLLECTION\")\")\n  fi\n\n  # config.analytics_collection_deactivated\n  _ANALYTICS_DEACTIVATED=$(getFirebaseJsonKeyValue \"$_JSON_OUTPUT_RAW\" \"analytics_collection_deactivated\")\n  if [[ $_ANALYTICS_DEACTIVATED ]]; then\n    _PLIST_ENTRY_KEYS+=(\"FIREBASE_ANALYTICS_COLLECTION_DEACTIVATED\")\n    _PLIST_ENTRY_TYPES+=(\"bool\")\n    _PLIST_ENTRY_VALUES+=(\"$(jsonBoolToYesNo \"$_ANALYTICS_DEACTIVATED\")\")\n  fi\n\n  # config.analytics_idfv_collection_enabled\n  _ANALYTICS_IDFV_COLLECTION=$(getFirebaseJsonKeyValue \"$_JSON_OUTPUT_RAW\" \"analytics_idfv_collection_enabled\")\n  if [[ $_ANALYTICS_IDFV_COLLECTION ]]; then\n    _PLIST_ENTRY_KEYS+=(\"GOOGLE_ANALYTICS_IDFV_COLLECTION_ENABLED\")\n    _PLIST_ENTRY_TYPES+=(\"bool\")\n    _PLIST_ENTRY_VALUES+=(\"$(jsonBoolToYesNo \"$_ANALYTICS_IDFV_COLLECTION\")\")\n  fi\n\n  # config.analytics_default_allow_ad_personalization_signals\n  _ANALYTICS_PERSONALIZATION=$(getFirebaseJsonKeyValue \"$_JSON_OUTPUT_RAW\" \"analytics_default_allow_ad_personalization_signals\")\n  if [[ $_ANALYTICS_PERSONALIZATION ]]; then\n    _PLIST_ENTRY_KEYS+=(\"GOOGLE_ANALYTICS_DEFAULT_ALLOW_AD_PERSONALIZATION_SIGNALS\")\n    _PLIST_ENTRY_TYPES+=(\"bool\")\n    _PLIST_ENTRY_VALUES+=(\"$(jsonBoolToYesNo \"$_ANALYTICS_PERSONALIZATION\")\")\n  fi\n\n  # config.perf_auto_collection_enabled\n  _PERF_AUTO_COLLECTION=$(getFirebaseJsonKeyValue \"$_JSON_OUTPUT_RAW\" \"perf_auto_collection_enabled\")\n  if [[ $_PERF_AUTO_COLLECTION ]]; then\n    _PLIST_ENTRY_KEYS+=(\"firebase_performance_collection_enabled\")\n    _PLIST_ENTRY_TYPES+=(\"bool\")\n    _PLIST_ENTRY_VALUES+=(\"$(jsonBoolToYesNo \"$_PERF_AUTO_COLLECTION\")\")\n  fi\n\n  # config.perf_collection_deactivated\n  _PERF_DEACTIVATED=$(getFirebaseJsonKeyValue \"$_JSON_OUTPUT_RAW\" \"perf_collection_deactivated\")\n  if [[ $_PERF_DEACTIVATED ]]; then\n    _PLIST_ENTRY_KEYS+=(\"firebase_performance_collection_deactivated\")\n    _PLIST_ENTRY_TYPES+=(\"bool\")\n    _PLIST_ENTRY_VALUES+=(\"$(jsonBoolToYesNo \"$_PERF_DEACTIVATED\")\")\n  fi\n\n  # config.messaging_auto_init_enabled\n  _MESSAGING_AUTO_INIT=$(getFirebaseJsonKeyValue \"$_JSON_OUTPUT_RAW\" \"messaging_auto_init_enabled\")\n  if [[ $_MESSAGING_AUTO_INIT ]]; then\n    _PLIST_ENTRY_KEYS+=(\"FirebaseMessagingAutoInitEnabled\")\n    _PLIST_ENTRY_TYPES+=(\"bool\")\n    _PLIST_ENTRY_VALUES+=(\"$(jsonBoolToYesNo \"$_MESSAGING_AUTO_INIT\")\")\n  fi\n\n  # config.in_app_messaging_auto_colllection_enabled\n  _FIAM_AUTO_INIT=$(getFirebaseJsonKeyValue \"$_JSON_OUTPUT_RAW\" \"in_app_messaging_auto_collection_enabled\")\n  if [[ $_FIAM_AUTO_INIT ]]; then\n    _PLIST_ENTRY_KEYS+=(\"FirebaseInAppMessagingAutomaticDataCollectionEnabled\")\n    _PLIST_ENTRY_TYPES+=(\"bool\")\n    _PLIST_ENTRY_VALUES+=(\"$(jsonBoolToYesNo \"$_FIAM_AUTO_INIT\")\")\n  fi\n\n  # config.app_check_token_auto_refresh\n  _APP_CHECK_TOKEN_AUTO_REFRESH=$(getFirebaseJsonKeyValue \"$_JSON_OUTPUT_RAW\" \"app_check_token_auto_refresh\")\n  if [[ $_APP_CHECK_TOKEN_AUTO_REFRESH ]]; then\n    _PLIST_ENTRY_KEYS+=(\"FirebaseAppCheckTokenAutoRefreshEnabled\")\n    _PLIST_ENTRY_TYPES+=(\"bool\")\n    _PLIST_ENTRY_VALUES+=(\"$(jsonBoolToYesNo \"$_APP_CHECK_TOKEN_AUTO_REFRESH\")\")\n  fi\n\n  # config.crashlytics_disable_auto_disabler - undocumented for now - mainly for debugging, document if becomes useful\n  _CRASHLYTICS_AUTO_DISABLE_ENABLED=$(getFirebaseJsonKeyValue \"$_JSON_OUTPUT_RAW\" \"crashlytics_disable_auto_disabler\")\n  if [[ $_CRASHLYTICS_AUTO_DISABLE_ENABLED == \"true\" ]]; then\n    echo \"Disabled Crashlytics auto disabler.\" # do nothing\n  else\n    _PLIST_ENTRY_KEYS+=(\"FirebaseCrashlyticsCollectionEnabled\")\n    _PLIST_ENTRY_TYPES+=(\"bool\")\n    _PLIST_ENTRY_VALUES+=(\"NO\")\n  fi\nelse\n  _PLIST_ENTRY_KEYS+=(\"firebase_json_raw\")\n  _PLIST_ENTRY_TYPES+=(\"string\")\n  _PLIST_ENTRY_VALUES+=(\"$_JSON_OUTPUT_BASE64\")\n  echo \"warning:   A firebase.json file was not found, whilst this file is optional it is recommended to include it to configure firebase services in React Native Firebase.\"\nfi;\n\necho \"info: 2) Injecting Info.plist entries: \"\n\n# Log out the keys we're adding\nfor i in \"${!_PLIST_ENTRY_KEYS[@]}\"; do\n  echo \"    ->  $i) ${_PLIST_ENTRY_KEYS[$i]}\" \"${_PLIST_ENTRY_TYPES[$i]}\" \"${_PLIST_ENTRY_VALUES[$i]}\"\ndone\n\nfor plist in \"${_TARGET_PLIST}\" \"${_DSYM_PLIST}\" ; do\n  if [[ -f \"${plist}\" ]]; then\n\n    # paths with spaces break the call to setPlistValue. temporarily modify\n    # the shell internal field separator variable (IFS), which normally\n    # includes spaces, to consist only of line breaks\n    oldifs=$IFS\n    IFS=\"\n\"\n\n    for i in \"${!_PLIST_ENTRY_KEYS[@]}\"; do\n      setPlistValue \"${_PLIST_ENTRY_KEYS[$i]}\" \"${_PLIST_ENTRY_TYPES[$i]}\" \"${_PLIST_ENTRY_VALUES[$i]}\" \"${plist}\"\n    done\n\n    # restore the original internal field separator value\n    IFS=$oldifs\n  else\n    echo \"warning:   A Info.plist build output file was not found (${plist})\"\n  fi\ndone\n\necho \"info: <- RNFB build script finished\"\n";
		};
		28FCD69080D1BCAE52D0913A /* [CP] Check Pods Manifest.lock */ = {
			isa = PBXShellScriptBuildPhase;
			buildActionMask = 2147483647;
			files = (
			);
			inputFileListPaths = (
			);
			inputPaths = (
				"${PODS_PODFILE_DIR_PATH}/Podfile.lock",
				"${PODS_ROOT}/Manifest.lock",
			);
			name = "[CP] Check Pods Manifest.lock";
			outputFileListPaths = (
			);
			outputPaths = (
				"$(DERIVED_FILE_DIR)/Pods-Srp_Live-checkManifestLockResult.txt",
			);
			runOnlyForDeploymentPostprocessing = 0;
			shellPath = /bin/sh;
			shellScript = "diff \"${PODS_PODFILE_DIR_PATH}/Podfile.lock\" \"${PODS_ROOT}/Manifest.lock\" > /dev/null\nif [ $? != 0 ] ; then\n    # print error to STDERR\n    echo \"error: The sandbox is not in sync with the Podfile.lock. Run 'pod install' or update your CocoaPods installation.\" >&2\n    exit 1\nfi\n# This output is used by Xcode 'outputs' to avoid re-running this script phase.\necho \"SUCCESS\" > \"${SCRIPT_OUTPUT_FILE_0}\"\n";
			showEnvVarsInLog = 0;
		};
		B7B99BAD14BAB1C600F8121B /* [CP] Check Pods Manifest.lock */ = {
			isa = PBXShellScriptBuildPhase;
			buildActionMask = 2147483647;
			files = (
			);
			inputFileListPaths = (
			);
			inputPaths = (
				"${PODS_PODFILE_DIR_PATH}/Podfile.lock",
				"${PODS_ROOT}/Manifest.lock",
			);
			name = "[CP] Check Pods Manifest.lock";
			outputFileListPaths = (
			);
			outputPaths = (
				"$(DERIVED_FILE_DIR)/Pods-Srp_Live-Srp_LiveTests-checkManifestLockResult.txt",
			);
			runOnlyForDeploymentPostprocessing = 0;
			shellPath = /bin/sh;
			shellScript = "diff \"${PODS_PODFILE_DIR_PATH}/Podfile.lock\" \"${PODS_ROOT}/Manifest.lock\" > /dev/null\nif [ $? != 0 ] ; then\n    # print error to STDERR\n    echo \"error: The sandbox is not in sync with the Podfile.lock. Run 'pod install' or update your CocoaPods installation.\" >&2\n    exit 1\nfi\n# This output is used by Xcode 'outputs' to avoid re-running this script phase.\necho \"SUCCESS\" > \"${SCRIPT_OUTPUT_FILE_0}\"\n";
			showEnvVarsInLog = 0;
		};
		BD58DAB92C23A158A0FF83C3 /* [CP] Embed Pods Frameworks */ = {
			isa = PBXShellScriptBuildPhase;
			buildActionMask = 2147483647;
			files = (
			);
			inputFileListPaths = (
				"${PODS_ROOT}/Target Support Files/Pods-Srp_Live-Srp_LiveTests/Pods-Srp_Live-Srp_LiveTests-frameworks-${CONFIGURATION}-input-files.xcfilelist",
			);
			name = "[CP] Embed Pods Frameworks";
			outputFileListPaths = (
				"${PODS_ROOT}/Target Support Files/Pods-Srp_Live-Srp_LiveTests/Pods-Srp_Live-Srp_LiveTests-frameworks-${CONFIGURATION}-output-files.xcfilelist",
			);
			runOnlyForDeploymentPostprocessing = 0;
			shellPath = /bin/sh;
			shellScript = "\"${PODS_ROOT}/Target Support Files/Pods-Srp_Live-Srp_LiveTests/Pods-Srp_Live-Srp_LiveTests-frameworks.sh\"\n";
			showEnvVarsInLog = 0;
		};
		CEED608BEA15F14057E9B0E1 /* [CP] Copy Pods Resources */ = {
			isa = PBXShellScriptBuildPhase;
			buildActionMask = 2147483647;
			files = (
			);
			inputFileListPaths = (
				"${PODS_ROOT}/Target Support Files/Pods-Srp_Live/Pods-Srp_Live-resources-${CONFIGURATION}-input-files.xcfilelist",
			);
			name = "[CP] Copy Pods Resources";
			outputFileListPaths = (
				"${PODS_ROOT}/Target Support Files/Pods-Srp_Live/Pods-Srp_Live-resources-${CONFIGURATION}-output-files.xcfilelist",
			);
			runOnlyForDeploymentPostprocessing = 0;
			shellPath = /bin/sh;
			shellScript = "\"${PODS_ROOT}/Target Support Files/Pods-Srp_Live/Pods-Srp_Live-resources.sh\"\n";
			showEnvVarsInLog = 0;
		};
		DA53DF9E912620855E5716C6 /* [CP] Copy Pods Resources */ = {
			isa = PBXShellScriptBuildPhase;
			buildActionMask = 2147483647;
			files = (
			);
			inputFileListPaths = (
				"${PODS_ROOT}/Target Support Files/Pods-Srp_Live-Srp_LiveTests/Pods-Srp_Live-Srp_LiveTests-resources-${CONFIGURATION}-input-files.xcfilelist",
			);
			name = "[CP] Copy Pods Resources";
			outputFileListPaths = (
				"${PODS_ROOT}/Target Support Files/Pods-Srp_Live-Srp_LiveTests/Pods-Srp_Live-Srp_LiveTests-resources-${CONFIGURATION}-output-files.xcfilelist",
			);
			runOnlyForDeploymentPostprocessing = 0;
			shellPath = /bin/sh;
			shellScript = "\"${PODS_ROOT}/Target Support Files/Pods-Srp_Live-Srp_LiveTests/Pods-Srp_Live-Srp_LiveTests-resources.sh\"\n";
			showEnvVarsInLog = 0;
		};
		F68A845EFBA05848025BE395 /* [CP] Embed Pods Frameworks */ = {
			isa = PBXShellScriptBuildPhase;
			buildActionMask = 2147483647;
			files = (
			);
			inputFileListPaths = (
				"${PODS_ROOT}/Target Support Files/Pods-Srp_Live/Pods-Srp_Live-frameworks-${CONFIGURATION}-input-files.xcfilelist",
			);
			name = "[CP] Embed Pods Frameworks";
			outputFileListPaths = (
				"${PODS_ROOT}/Target Support Files/Pods-Srp_Live/Pods-Srp_Live-frameworks-${CONFIGURATION}-output-files.xcfilelist",
			);
			runOnlyForDeploymentPostprocessing = 0;
			shellPath = /bin/sh;
			shellScript = "\"${PODS_ROOT}/Target Support Files/Pods-Srp_Live/Pods-Srp_Live-frameworks.sh\"\n";
			showEnvVarsInLog = 0;
		};
		FD10A7F022414F080027D42C /* Start Packager */ = {
			isa = PBXShellScriptBuildPhase;
			buildActionMask = 2147483647;
			files = (
			);
			inputFileListPaths = (
			);
			inputPaths = (
			);
			name = "Start Packager";
			outputFileListPaths = (
			);
			outputPaths = (
			);
			runOnlyForDeploymentPostprocessing = 0;
			shellPath = /bin/sh;
			shellScript = "export RCT_METRO_PORT=\"${RCT_METRO_PORT:=8081}\"\necho \"export RCT_METRO_PORT=${RCT_METRO_PORT}\" > \"${SRCROOT}/../node_modules/react-native/scripts/.packager.env\"\nif [ -z \"${RCT_NO_LAUNCH_PACKAGER+xxx}\" ] ; then\n  if nc -w 5 -z localhost ${RCT_METRO_PORT} ; then\n    if ! curl -s \"http://localhost:${RCT_METRO_PORT}/status\" | grep -q \"packager-status:running\" ; then\n      echo \"Port ${RCT_METRO_PORT} already in use, packager is either not running or not running correctly\"\n      exit 2\n    fi\n  else\n    open \"$SRCROOT/../node_modules/react-native/scripts/launchPackager.command\" || echo \"Can't start packager automatically\"\n  fi\nfi\n";
			showEnvVarsInLog = 0;
		};
/* End PBXShellScriptBuildPhase section */

/* Begin PBXSourcesBuildPhase section */
		00E356EA1AD99517003FC87E /* Sources */ = {
			isa = PBXSourcesBuildPhase;
			buildActionMask = 2147483647;
			files = (
				00E356F31AD99517003FC87E /* Srp_LiveTests.m in Sources */,
			);
			runOnlyForDeploymentPostprocessing = 0;
		};
		13B07F871A680F5B00A75B9A /* Sources */ = {
			isa = PBXSourcesBuildPhase;
			buildActionMask = 2147483647;
			files = (
				BA39451227E9B118004FE12B /* RNVideoTrimmer.swift in Sources */,
				BA3944F627E9B048004FE12B /* VideoProcessingGPUFilters.swift in Sources */,
				BA39450927E9B0F4004FE12B /* ICGRulerView.m in Sources */,
				BA3944FF27E9B0E2004FE12B /* RNTrimmerView.swift in Sources */,
				BA39451327E9B118004FE12B /* RNVideoTrimmerBridge.m in Sources */,
				BA3944F527E9B048004FE12B /* RNVideoPlayer.swift in Sources */,
				13B07FBC1A68108700A75B9A /* AppDelegate.m in Sources */,
				BA39451427E9B118004FE12B /* SDAVAssetExportSession.m in Sources */,
				BA3944F327E9B048004FE12B /* RNVideoProcessingBridge.m in Sources */,
				BA3944F427E9B048004FE12B /* RNVideoProcessingManager.swift in Sources */,
				BA39450127E9B0E2004FE12B /* RNTrimmerViewBridge.m in Sources */,
				18E2317B2752448700CB683C /* File.swift in Sources */,
				BA39450027E9B0E2004FE12B /* RNTrimmerViewManager.swift in Sources */,
				BA39450B27E9B0F4004FE12B /* ICGVideoTrimmerView.m in Sources */,
				BA39451527E9B118004FE12B /* AVUtilities.swift in Sources */,
				13B07FC11A68108700A75B9A /* main.m in Sources */,
				BA39450A27E9B0F4004FE12B /* ICGThumbView.m in Sources */,
			);
			runOnlyForDeploymentPostprocessing = 0;
		};
/* End PBXSourcesBuildPhase section */

/* Begin PBXTargetDependency section */
		00E356F51AD99517003FC87E /* PBXTargetDependency */ = {
			isa = PBXTargetDependency;
			target = 13B07F861A680F5B00A75B9A /* Srp_Live */;
			targetProxy = 00E356F41AD99517003FC87E /* PBXContainerItemProxy */;
		};
/* End PBXTargetDependency section */

/* Begin XCBuildConfiguration section */
		00E356F61AD99517003FC87E /* Debug */ = {
			isa = XCBuildConfiguration;
			baseConfigurationReference = A914122E388EC76A2B3F5E6C /* Pods-Srp_Live-Srp_LiveTests.debug.xcconfig */;
			buildSettings = {
				ALWAYS_EMBED_SWIFT_STANDARD_LIBRARIES = YES;
				BUNDLE_LOADER = "$(TEST_HOST)";
				GCC_PREPROCESSOR_DEFINITIONS = (
					"DEBUG=1",
					"$(inherited)",
				);
				INFOPLIST_FILE = Srp_LiveTests/Info.plist;
				IPHONEOS_DEPLOYMENT_TARGET = 11.0;
				LD_RUNPATH_SEARCH_PATHS = (
					"$(inherited)",
					"@executable_path/Frameworks",
					"@loader_path/Frameworks",
				);
				OTHER_LDFLAGS = (
					"-ObjC",
					"-lc++",
					"$(inherited)",
				);
				PRODUCT_BUNDLE_IDENTIFIER = "org.reactjs.native.example.$(PRODUCT_NAME:rfc1034identifier)";
				PRODUCT_NAME = "$(TARGET_NAME)";
				TEST_HOST = "$(BUILT_PRODUCTS_DIR)/Srp_Live.app/Srp_Live";
			};
			name = Debug;
		};
		00E356F71AD99517003FC87E /* Release */ = {
			isa = XCBuildConfiguration;
			baseConfigurationReference = 92CD99FA6A2C60ED6C772BE9 /* Pods-Srp_Live-Srp_LiveTests.release.xcconfig */;
			buildSettings = {
				ALWAYS_EMBED_SWIFT_STANDARD_LIBRARIES = YES;
				BUNDLE_LOADER = "$(TEST_HOST)";
				COPY_PHASE_STRIP = NO;
				INFOPLIST_FILE = Srp_LiveTests/Info.plist;
				IPHONEOS_DEPLOYMENT_TARGET = 11.0;
				LD_RUNPATH_SEARCH_PATHS = (
					"$(inherited)",
					"@executable_path/Frameworks",
					"@loader_path/Frameworks",
				);
				OTHER_LDFLAGS = (
					"-ObjC",
					"-lc++",
					"$(inherited)",
				);
				PRODUCT_BUNDLE_IDENTIFIER = "org.reactjs.native.example.$(PRODUCT_NAME:rfc1034identifier)";
				PRODUCT_NAME = "$(TARGET_NAME)";
				TEST_HOST = "$(BUILT_PRODUCTS_DIR)/Srp_Live.app/Srp_Live";
			};
			name = Release;
		};
		13B07F941A680F5B00A75B9A /* Debug */ = {
			isa = XCBuildConfiguration;
			baseConfigurationReference = ACADBC58C8B75C6AA0C9EBB6 /* Pods-Srp_Live.debug.xcconfig */;
			buildSettings = {
				ASSETCATALOG_COMPILER_APPICON_NAME = AppIcon;
				CLANG_ENABLE_MODULES = YES;
				CODE_SIGN_ENTITLEMENTS = Srp_Live/Srp_Live.entitlements;
				CODE_SIGN_IDENTITY = "Apple Development";
				CODE_SIGN_STYLE = Automatic;
				CURRENT_PROJECT_VERSION = 1;
				DEVELOPMENT_TEAM = F92335CVXH;
				ENABLE_BITCODE = NO;
				INFOPLIST_FILE = Srp_Live/Info.plist;
				IPHONEOS_DEPLOYMENT_TARGET = 12.0;
				LD_RUNPATH_SEARCH_PATHS = (
					"$(inherited)",
					"@executable_path/Frameworks",
				);
				OTHER_LDFLAGS = (
					"$(inherited)",
					"-ObjC",
					"-lc++",
				);
				PRODUCT_BUNDLE_IDENTIFIER = com.SrpLive.chatappRN;
				PRODUCT_NAME = Srp_Live;
				PROVISIONING_PROFILE_SPECIFIER = "";
				SWIFT_OBJC_BRIDGING_HEADER = "Srp_Live-Bridging-Header.h";
				SWIFT_OPTIMIZATION_LEVEL = "-Onone";
				SWIFT_VERSION = 5.0;
				VERSIONING_SYSTEM = "apple-generic";
			};
			name = Debug;
		};
		13B07F951A680F5B00A75B9A /* Release */ = {
			isa = XCBuildConfiguration;
			baseConfigurationReference = BBFD8BBC9D1F486ADE953F25 /* Pods-Srp_Live.release.xcconfig */;
			buildSettings = {
				ASSETCATALOG_COMPILER_APPICON_NAME = AppIcon;
				CLANG_ENABLE_MODULES = YES;
				CODE_SIGN_ENTITLEMENTS = Srp_Live/Srp_Live.entitlements;
				CODE_SIGN_IDENTITY = "Apple Development";
				CODE_SIGN_STYLE = Automatic;
				CURRENT_PROJECT_VERSION = 1;
				DEVELOPMENT_TEAM = F92335CVXH;
				INFOPLIST_FILE = Srp_Live/Info.plist;
				IPHONEOS_DEPLOYMENT_TARGET = 12.0;
				LD_RUNPATH_SEARCH_PATHS = (
					"$(inherited)",
					"@executable_path/Frameworks",
				);
				OTHER_LDFLAGS = (
					"$(inherited)",
					"-ObjC",
					"-lc++",
				);
				PRODUCT_BUNDLE_IDENTIFIER = com.SrpLive.chatappRN;
				PRODUCT_NAME = Srp_Live;
				PROVISIONING_PROFILE_SPECIFIER = "";
				SWIFT_OBJC_BRIDGING_HEADER = "Srp_Live-Bridging-Header.h";
				SWIFT_VERSION = 5.0;
				VERSIONING_SYSTEM = "apple-generic";
			};
			name = Release;
		};
		83CBBA201A601CBA00E9B192 /* Debug */ = {
			isa = XCBuildConfiguration;
			buildSettings = {
				ALWAYS_SEARCH_USER_PATHS = NO;
				CLANG_ANALYZER_LOCALIZABILITY_NONLOCALIZED = YES;
				CLANG_CXX_LANGUAGE_STANDARD = "gnu++0x";
				CLANG_CXX_LIBRARY = "libc++";
				CLANG_ENABLE_MODULES = YES;
				CLANG_ENABLE_OBJC_ARC = YES;
				CLANG_WARN_BLOCK_CAPTURE_AUTORELEASING = YES;
				CLANG_WARN_BOOL_CONVERSION = YES;
				CLANG_WARN_COMMA = YES;
				CLANG_WARN_CONSTANT_CONVERSION = YES;
				CLANG_WARN_DEPRECATED_OBJC_IMPLEMENTATIONS = YES;
				CLANG_WARN_DIRECT_OBJC_ISA_USAGE = YES_ERROR;
				CLANG_WARN_EMPTY_BODY = YES;
				CLANG_WARN_ENUM_CONVERSION = YES;
				CLANG_WARN_INFINITE_RECURSION = YES;
				CLANG_WARN_INT_CONVERSION = YES;
				CLANG_WARN_NON_LITERAL_NULL_CONVERSION = YES;
				CLANG_WARN_OBJC_IMPLICIT_RETAIN_SELF = YES;
				CLANG_WARN_OBJC_LITERAL_CONVERSION = YES;
				CLANG_WARN_OBJC_ROOT_CLASS = YES_ERROR;
				CLANG_WARN_QUOTED_INCLUDE_IN_FRAMEWORK_HEADER = YES;
				CLANG_WARN_RANGE_LOOP_ANALYSIS = YES;
				CLANG_WARN_STRICT_PROTOTYPES = YES;
				CLANG_WARN_SUSPICIOUS_MOVE = YES;
				CLANG_WARN_UNREACHABLE_CODE = YES;
				CLANG_WARN__DUPLICATE_METHOD_MATCH = YES;
				"CODE_SIGN_IDENTITY[sdk=iphoneos*]" = "iPhone Developer";
				COPY_PHASE_STRIP = NO;
				ENABLE_STRICT_OBJC_MSGSEND = YES;
				ENABLE_TESTABILITY = YES;
				"EXCLUDED_ARCHS[sdk=iphonesimulator*]" = "arm64 ";
				GCC_C_LANGUAGE_STANDARD = gnu99;
				GCC_DYNAMIC_NO_PIC = NO;
				GCC_NO_COMMON_BLOCKS = YES;
				GCC_OPTIMIZATION_LEVEL = 0;
				GCC_PREPROCESSOR_DEFINITIONS = (
					"DEBUG=1",
					"$(inherited)",
				);
				GCC_SYMBOLS_PRIVATE_EXTERN = NO;
				GCC_WARN_64_TO_32_BIT_CONVERSION = YES;
				GCC_WARN_ABOUT_RETURN_TYPE = YES_ERROR;
				GCC_WARN_UNDECLARED_SELECTOR = YES;
				GCC_WARN_UNINITIALIZED_AUTOS = YES_AGGRESSIVE;
				GCC_WARN_UNUSED_FUNCTION = YES;
				GCC_WARN_UNUSED_VARIABLE = YES;
				IPHONEOS_DEPLOYMENT_TARGET = 11.0;
				LD_RUNPATH_SEARCH_PATHS = (
					/usr/lib/swift,
					"$(inherited)",
				);
				LIBRARY_SEARCH_PATHS = (
					"\"$(SDKROOT)/usr/lib/swift\"",
					"\"$(TOOLCHAIN_DIR)/usr/lib/swift/$(PLATFORM_NAME)\"",
					"\"$(TOOLCHAIN_DIR)/usr/lib/swift-5.0/$(PLATFORM_NAME)\"",
					"\"$(inherited)\"",
				);
				MTL_ENABLE_DEBUG_INFO = YES;
				ONLY_ACTIVE_ARCH = YES;
				SDKROOT = iphoneos;
			};
			name = Debug;
		};
		83CBBA211A601CBA00E9B192 /* Release */ = {
			isa = XCBuildConfiguration;
			buildSettings = {
				ALWAYS_SEARCH_USER_PATHS = NO;
				CLANG_ANALYZER_LOCALIZABILITY_NONLOCALIZED = YES;
				CLANG_CXX_LANGUAGE_STANDARD = "gnu++0x";
				CLANG_CXX_LIBRARY = "libc++";
				CLANG_ENABLE_MODULES = YES;
				CLANG_ENABLE_OBJC_ARC = YES;
				CLANG_WARN_BLOCK_CAPTURE_AUTORELEASING = YES;
				CLANG_WARN_BOOL_CONVERSION = YES;
				CLANG_WARN_COMMA = YES;
				CLANG_WARN_CONSTANT_CONVERSION = YES;
				CLANG_WARN_DEPRECATED_OBJC_IMPLEMENTATIONS = YES;
				CLANG_WARN_DIRECT_OBJC_ISA_USAGE = YES_ERROR;
				CLANG_WARN_EMPTY_BODY = YES;
				CLANG_WARN_ENUM_CONVERSION = YES;
				CLANG_WARN_INFINITE_RECURSION = YES;
				CLANG_WARN_INT_CONVERSION = YES;
				CLANG_WARN_NON_LITERAL_NULL_CONVERSION = YES;
				CLANG_WARN_OBJC_IMPLICIT_RETAIN_SELF = YES;
				CLANG_WARN_OBJC_LITERAL_CONVERSION = YES;
				CLANG_WARN_OBJC_ROOT_CLASS = YES_ERROR;
				CLANG_WARN_QUOTED_INCLUDE_IN_FRAMEWORK_HEADER = YES;
				CLANG_WARN_RANGE_LOOP_ANALYSIS = YES;
				CLANG_WARN_STRICT_PROTOTYPES = YES;
				CLANG_WARN_SUSPICIOUS_MOVE = YES;
				CLANG_WARN_UNREACHABLE_CODE = YES;
				CLANG_WARN__DUPLICATE_METHOD_MATCH = YES;
				"CODE_SIGN_IDENTITY[sdk=iphoneos*]" = "iPhone Developer";
				COPY_PHASE_STRIP = YES;
				ENABLE_NS_ASSERTIONS = NO;
				ENABLE_STRICT_OBJC_MSGSEND = YES;
				"EXCLUDED_ARCHS[sdk=iphonesimulator*]" = "arm64 ";
				GCC_C_LANGUAGE_STANDARD = gnu99;
				GCC_NO_COMMON_BLOCKS = YES;
				GCC_WARN_64_TO_32_BIT_CONVERSION = YES;
				GCC_WARN_ABOUT_RETURN_TYPE = YES_ERROR;
				GCC_WARN_UNDECLARED_SELECTOR = YES;
				GCC_WARN_UNINITIALIZED_AUTOS = YES_AGGRESSIVE;
				GCC_WARN_UNUSED_FUNCTION = YES;
				GCC_WARN_UNUSED_VARIABLE = YES;
				IPHONEOS_DEPLOYMENT_TARGET = 11.0;
				LD_RUNPATH_SEARCH_PATHS = (
					/usr/lib/swift,
					"$(inherited)",
				);
				LIBRARY_SEARCH_PATHS = (
					"\"$(SDKROOT)/usr/lib/swift\"",
					"\"$(TOOLCHAIN_DIR)/usr/lib/swift/$(PLATFORM_NAME)\"",
					"\"$(TOOLCHAIN_DIR)/usr/lib/swift-5.0/$(PLATFORM_NAME)\"",
					"\"$(inherited)\"",
				);
				MTL_ENABLE_DEBUG_INFO = NO;
				SDKROOT = iphoneos;
				VALIDATE_PRODUCT = YES;
			};
			name = Release;
		};
/* End XCBuildConfiguration section */

/* Begin XCConfigurationList section */
		00E357021AD99517003FC87E /* Build configuration list for PBXNativeTarget "Srp_LiveTests" */ = {
			isa = XCConfigurationList;
			buildConfigurations = (
				00E356F61AD99517003FC87E /* Debug */,
				00E356F71AD99517003FC87E /* Release */,
			);
			defaultConfigurationIsVisible = 0;
			defaultConfigurationName = Release;
		};
		13B07F931A680F5B00A75B9A /* Build configuration list for PBXNativeTarget "Srp_Live" */ = {
			isa = XCConfigurationList;
			buildConfigurations = (
				13B07F941A680F5B00A75B9A /* Debug */,
				13B07F951A680F5B00A75B9A /* Release */,
			);
			defaultConfigurationIsVisible = 0;
			defaultConfigurationName = Release;
		};
		83CBB9FA1A601CBA00E9B192 /* Build configuration list for PBXProject "Srp_Live" */ = {
			isa = XCConfigurationList;
			buildConfigurations = (
				83CBBA201A601CBA00E9B192 /* Debug */,
				83CBBA211A601CBA00E9B192 /* Release */,
			);
			defaultConfigurationIsVisible = 0;
			defaultConfigurationName = Release;
		};
/* End XCConfigurationList section */
	};
	rootObject = 83CBB9F71A601CBA00E9B192 /* Project object */;
}
